// !$*UTF8*$!
{
	archiveVersion = 1;
	classes = {
	};
	objectVersion = 49;
	objects = {

/* Begin PBXBuildFile section */
		B12912942150D3AA0039B06D /* HJLoginExample03_VC.m in Sources */ = {isa = PBXBuildFile; fileRef = B129128D2150D3A90039B06D /* HJLoginExample03_VC.m */; };
		B12912952150D3AA0039B06D /* HJBaseLogin_VC.m in Sources */ = {isa = PBXBuildFile; fileRef = B129128E2150D3A90039B06D /* HJBaseLogin_VC.m */; };
		B12912962150D3AA0039B06D /* login_bg01.jpg in Resources */ = {isa = PBXBuildFile; fileRef = B12912912150D3AA0039B06D /* login_bg01.jpg */; };
		B12912972150D3AA0039B06D /* NSArray+HJImages.m in Sources */ = {isa = PBXBuildFile; fileRef = B12912922150D3AA0039B06D /* NSArray+HJImages.m */; };
		B1313C9C219EAEBF004F63A3 /* iconfont.ttf in Resources */ = {isa = PBXBuildFile; fileRef = B19E5258219E65AF006BBC3C /* iconfont.ttf */; };
		B14D8F7D21B7F58C00B8D740 /* EventKitUI.framework in Frameworks */ = {isa = PBXBuildFile; fileRef = B14D8F7B21B7F58C00B8D740 /* EventKitUI.framework */; };
		B14D8F7E21B7F58C00B8D740 /* EventKit.framework in Frameworks */ = {isa = PBXBuildFile; fileRef = B14D8F7C21B7F58C00B8D740 /* EventKit.framework */; };
		B14D8F8521B7F64A00B8D740 /* UIKit.framework in Frameworks */ = {isa = PBXBuildFile; fileRef = B14D8F8421B7F64A00B8D740 /* UIKit.framework */; };
		B14D8F8721B7F65900B8D740 /* Foundation.framework in Frameworks */ = {isa = PBXBuildFile; fileRef = B14D8F8621B7F65900B8D740 /* Foundation.framework */; };
		B14D8F8921B7F66100B8D740 /* CoreGraphics.framework in Frameworks */ = {isa = PBXBuildFile; fileRef = B14D8F8821B7F66100B8D740 /* CoreGraphics.framework */; };
		B14D8F8C21B7F7EA00B8D740 /* MonthViewController.m in Sources */ = {isa = PBXBuildFile; fileRef = B14D8F8B21B7F7EA00B8D740 /* MonthViewController.m */; };
		B14D8F8F21B7F88100B8D740 /* MainViewController.m in Sources */ = {isa = PBXBuildFile; fileRef = B14D8F8D21B7F88100B8D740 /* MainViewController.m */; };
		B14D8F9221B7F8D500B8D740 /* MonthSettingsViewController.m in Sources */ = {isa = PBXBuildFile; fileRef = B14D8F9121B7F8D400B8D740 /* MonthSettingsViewController.m */; };
		B14D8FDB21B7F90F00B8D740 /* MGCCalendarHeaderCell.xib in Resources */ = {isa = PBXBuildFile; fileRef = B14D8F9421B7F90E00B8D740 /* MGCCalendarHeaderCell.xib */; };
		B14D8FDC21B7F90F00B8D740 /* MGCCalendarHeaderView.m in Sources */ = {isa = PBXBuildFile; fileRef = B14D8F9621B7F90E00B8D740 /* MGCCalendarHeaderView.m */; };
		B14D8FDD21B7F90F00B8D740 /* MGCEventCell.m in Sources */ = {isa = PBXBuildFile; fileRef = B14D8F9721B7F90E00B8D740 /* MGCEventCell.m */; };
		B14D8FDE21B7F90F00B8D740 /* MGCMonthPlannerViewDayCell.m in Sources */ = {isa = PBXBuildFile; fileRef = B14D8F9921B7F90E00B8D740 /* MGCMonthPlannerViewDayCell.m */; };
		B14D8FDF21B7F90F00B8D740 /* Localizable.strings in Resources */ = {isa = PBXBuildFile; fileRef = B14D8F9C21B7F90E00B8D740 /* Localizable.strings */; };
		B14D8FE021B7F90F00B8D740 /* MGCDayPlannerEKViewController.m in Sources */ = {isa = PBXBuildFile; fileRef = B14D8F9F21B7F90E00B8D740 /* MGCDayPlannerEKViewController.m */; };
		B14D8FE121B7F90F00B8D740 /* MGCTimeRowsView.m in Sources */ = {isa = PBXBuildFile; fileRef = B14D8FA021B7F90E00B8D740 /* MGCTimeRowsView.m */; };
		B14D8FE221B7F90F00B8D740 /* MGCEventView.m in Sources */ = {isa = PBXBuildFile; fileRef = B14D8FA221B7F90E00B8D740 /* MGCEventView.m */; };
		B14D8FE321B7F90F00B8D740 /* MGCCalendarHeaderCell.m in Sources */ = {isa = PBXBuildFile; fileRef = B14D8FA321B7F90E00B8D740 /* MGCCalendarHeaderCell.m */; };
		B14D8FE421B7F90F00B8D740 /* MGCYearCalendarView.m in Sources */ = {isa = PBXBuildFile; fileRef = B14D8FA421B7F90E00B8D740 /* MGCYearCalendarView.m */; };
		B14D8FE521B7F90F00B8D740 /* MGCDayPlannerView.m in Sources */ = {isa = PBXBuildFile; fileRef = B14D8FA521B7F90E00B8D740 /* MGCDayPlannerView.m */; };
		B14D8FE621B7F90F00B8D740 /* MGCMonthPlannerBackgroundView.m in Sources */ = {isa = PBXBuildFile; fileRef = B14D8FA621B7F90E00B8D740 /* MGCMonthPlannerBackgroundView.m */; };
		B14D8FE721B7F90F00B8D740 /* MGCMonthPlannerWeekView.m in Sources */ = {isa = PBXBuildFile; fileRef = B14D8FA721B7F90E00B8D740 /* MGCMonthPlannerWeekView.m */; };
		B14D8FE821B7F90F00B8D740 /* MGCMonthPlannerView.m in Sources */ = {isa = PBXBuildFile; fileRef = B14D8FAC21B7F90E00B8D740 /* MGCMonthPlannerView.m */; };
		B14D8FE921B7F90F00B8D740 /* NSAttributedString+MGCAdditions.m in Sources */ = {isa = PBXBuildFile; fileRef = B14D8FB321B7F90E00B8D740 /* NSAttributedString+MGCAdditions.m */; };
		B14D8FEA21B7F90F00B8D740 /* NSCalendar+MGCAdditions.m in Sources */ = {isa = PBXBuildFile; fileRef = B14D8FBA21B7F90F00B8D740 /* NSCalendar+MGCAdditions.m */; };
		B14D8FEB21B7F90F00B8D740 /* MGCEventsRowView.m in Sources */ = {isa = PBXBuildFile; fileRef = B14D8FBB21B7F90F00B8D740 /* MGCEventsRowView.m */; };
		B14D8FEC21B7F90F00B8D740 /* MGCEventKitSupport.m in Sources */ = {isa = PBXBuildFile; fileRef = B14D8FBC21B7F90F00B8D740 /* MGCEventKitSupport.m */; };
		B14D8FED21B7F90F00B8D740 /* MGCYearCalendarMonthCell.m in Sources */ = {isa = PBXBuildFile; fileRef = B14D8FBE21B7F90F00B8D740 /* MGCYearCalendarMonthCell.m */; };
		B14D8FEE21B7F90F00B8D740 /* MGCYearCalendarMonthHeaderView.m in Sources */ = {isa = PBXBuildFile; fileRef = B14D8FC121B7F90F00B8D740 /* MGCYearCalendarMonthHeaderView.m */; };
		B14D8FEF21B7F90F00B8D740 /* MGCAlignedGeometry.m in Sources */ = {isa = PBXBuildFile; fileRef = B14D8FC421B7F90F00B8D740 /* MGCAlignedGeometry.m */; };
		B14D8FF021B7F90F00B8D740 /* MGCEventCellLayoutAttributes.m in Sources */ = {isa = PBXBuildFile; fileRef = B14D8FC621B7F90F00B8D740 /* MGCEventCellLayoutAttributes.m */; };
		B14D8FF121B7F90F00B8D740 /* MGCAllDayEventsViewLayout.m in Sources */ = {isa = PBXBuildFile; fileRef = B14D8FC721B7F90F00B8D740 /* MGCAllDayEventsViewLayout.m */; };
		B14D8FF221B7F90F00B8D740 /* MGCReusableObjectQueue.m in Sources */ = {isa = PBXBuildFile; fileRef = B14D8FC821B7F90F00B8D740 /* MGCReusableObjectQueue.m */; };
		B14D8FF321B7F90F00B8D740 /* MGCTimedEventsViewLayout.m in Sources */ = {isa = PBXBuildFile; fileRef = B14D8FCB21B7F90F00B8D740 /* MGCTimedEventsViewLayout.m */; };
		B14D8FF421B7F90F00B8D740 /* MGCStandardEventView.m in Sources */ = {isa = PBXBuildFile; fileRef = B14D8FCC21B7F90F00B8D740 /* MGCStandardEventView.m */; };
		B14D8FF521B7F90F00B8D740 /* MGCMonthPlannerEKViewController.m in Sources */ = {isa = PBXBuildFile; fileRef = B14D8FCD21B7F90F00B8D740 /* MGCMonthPlannerEKViewController.m */; };
		B14D8FF621B7F90F00B8D740 /* MGCMonthMiniCalendarView.m in Sources */ = {isa = PBXBuildFile; fileRef = B14D8FCE21B7F90F00B8D740 /* MGCMonthMiniCalendarView.m */; };
		B14D8FF721B7F90F00B8D740 /* MGCDateRange.m in Sources */ = {isa = PBXBuildFile; fileRef = B14D8FCF21B7F90F00B8D740 /* MGCDateRange.m */; };
		B14D8FF821B7F90F00B8D740 /* MGCInteractiveEventView.m in Sources */ = {isa = PBXBuildFile; fileRef = B14D8FD421B7F90F00B8D740 /* MGCInteractiveEventView.m */; };
		B14D8FF921B7F90F00B8D740 /* MGCDayPlannerViewController.m in Sources */ = {isa = PBXBuildFile; fileRef = B14D8FD521B7F90F00B8D740 /* MGCDayPlannerViewController.m */; };
		B14D8FFA21B7F90F00B8D740 /* MGCDayColumnCell.m in Sources */ = {isa = PBXBuildFile; fileRef = B14D8FD621B7F90F00B8D740 /* MGCDayColumnCell.m */; };
		B14D8FFB21B7F90F00B8D740 /* MGCMonthPlannerViewController.m in Sources */ = {isa = PBXBuildFile; fileRef = B14D8FD721B7F90F00B8D740 /* MGCMonthPlannerViewController.m */; };
		B14D8FFC21B7F90F00B8D740 /* MGCMonthPlannerHeaderView.m in Sources */ = {isa = PBXBuildFile; fileRef = B14D8FD921B7F90F00B8D740 /* MGCMonthPlannerHeaderView.m */; };
		B14D8FFD21B7F90F00B8D740 /* MGCMonthPlannerViewLayout.m in Sources */ = {isa = PBXBuildFile; fileRef = B14D8FDA21B7F90F00B8D740 /* MGCMonthPlannerViewLayout.m */; };
		B168FC7E214A669B006C65FD /* EventModel.m in Sources */ = {isa = PBXBuildFile; fileRef = B168FC7D214A669B006C65FD /* EventModel.m */; };
		B16A94A72148BCF60001F3B1 /* LTSCalendarDayItem.m in Sources */ = {isa = PBXBuildFile; fileRef = B16A94922148BCF60001F3B1 /* LTSCalendarDayItem.m */; };
		B16A94A82148BCF60001F3B1 /* LTSCalendarManager.m in Sources */ = {isa = PBXBuildFile; fileRef = B16A94942148BCF60001F3B1 /* LTSCalendarManager.m */; };
		B16A94A92148BCF60001F3B1 /* LTSCircleView.m in Sources */ = {isa = PBXBuildFile; fileRef = B16A94962148BCF60001F3B1 /* LTSCircleView.m */; };
		B16A94AA2148BCF60001F3B1 /* LTSCalendarAppearance.m in Sources */ = {isa = PBXBuildFile; fileRef = B16A94972148BCF60001F3B1 /* LTSCalendarAppearance.m */; };
		B16A94AB2148BCF60001F3B1 /* LTSCalendarContentView.m in Sources */ = {isa = PBXBuildFile; fileRef = B16A949A2148BCF60001F3B1 /* LTSCalendarContentView.m */; };
		B16A94AC2148BCF60001F3B1 /* LTSCalendarViewController.m in Sources */ = {isa = PBXBuildFile; fileRef = B16A949B2148BCF60001F3B1 /* LTSCalendarViewController.m */; };
		B16A94AD2148BCF60001F3B1 /* LTSCalendarCollectionCell.m in Sources */ = {isa = PBXBuildFile; fileRef = B16A949C2148BCF60001F3B1 /* LTSCalendarCollectionCell.m */; };
		B16A94AE2148BCF60001F3B1 /* LTSCalendarScrollView.m in Sources */ = {isa = PBXBuildFile; fileRef = B16A94A02148BCF60001F3B1 /* LTSCalendarScrollView.m */; };
		B16A94AF2148BCF60001F3B1 /* LTSCalendarCollectionViewFlowLayout.m in Sources */ = {isa = PBXBuildFile; fileRef = B16A94A32148BCF60001F3B1 /* LTSCalendarCollectionViewFlowLayout.m */; };
		B16A94B02148BCF60001F3B1 /* LTSCalendarWeekDayView.m in Sources */ = {isa = PBXBuildFile; fileRef = B16A94A42148BCF60001F3B1 /* LTSCalendarWeekDayView.m */; };
		B174D55F2159D5EC0055820A /* NSString+MD5.m in Sources */ = {isa = PBXBuildFile; fileRef = B174D55E2159D5EC0055820A /* NSString+MD5.m */; };
		B174D58C215CAED80055820A /* CalendarDaysClass.m in Sources */ = {isa = PBXBuildFile; fileRef = B174D58B215CAED80055820A /* CalendarDaysClass.m */; };
		B174D596215DD7C50055820A /* JohnTopAlert.m in Sources */ = {isa = PBXBuildFile; fileRef = B174D592215DD7C50055820A /* JohnTopAlert.m */; };
		B174D597215DD7C50055820A /* JohnAlertManager.m in Sources */ = {isa = PBXBuildFile; fileRef = B174D593215DD7C50055820A /* JohnAlertManager.m */; };
		B174D59A215DD7F00055820A /* UIColor+Tools.m in Sources */ = {isa = PBXBuildFile; fileRef = B174D599215DD7F00055820A /* UIColor+Tools.m */; };
		B174D5A0215DFAC90055820A /* AddEventViewController.m in Sources */ = {isa = PBXBuildFile; fileRef = B174D59F215DFAC90055820A /* AddEventViewController.m */; };
		B174D5A8215E080D0055820A /* ZHPickView.m in Sources */ = {isa = PBXBuildFile; fileRef = B174D5A7215E080D0055820A /* ZHPickView.m */; };
		B174D5AE215E1BA50055820A /* UITableView+ZYXIndexTip.m in Sources */ = {isa = PBXBuildFile; fileRef = B174D5AC215E1BA50055820A /* UITableView+ZYXIndexTip.m */; };
		B174D5B1215E1C100055820A /* SelStudentsViewController.m in Sources */ = {isa = PBXBuildFile; fileRef = B174D5B0215E1C100055820A /* SelStudentsViewController.m */; };
		B174D5B5215E1D010055820A /* Aspects.m in Sources */ = {isa = PBXBuildFile; fileRef = B174D5B4215E1D010055820A /* Aspects.m */; };
		B174D5B8215F0FF00055820A /* YKTool.m in Sources */ = {isa = PBXBuildFile; fileRef = B174D5B7215F0FF00055820A /* YKTool.m */; };
		B174D5C0215F532E0055820A /* bannertips_success_blue@2x.png in Resources */ = {isa = PBXBuildFile; fileRef = B174D5BD215F532D0055820A /* bannertips_success_blue@2x.png */; };
		B174D5C1215F532E0055820A /* bannertips_warning@2x.png in Resources */ = {isa = PBXBuildFile; fileRef = B174D5BE215F532D0055820A /* bannertips_warning@2x.png */; };
		B174D5C2215F532E0055820A /* bannertips_message@2x.png in Resources */ = {isa = PBXBuildFile; fileRef = B174D5BF215F532D0055820A /* bannertips_message@2x.png */; };
		B179F4D22150DB18009D70A5 /* BasicNetWorking.m in Sources */ = {isa = PBXBuildFile; fileRef = B179F4D12150DB18009D70A5 /* BasicNetWorking.m */; };
		B179F4D52150DBCB009D70A5 /* MBProgressHUD+MJ.m in Sources */ = {isa = PBXBuildFile; fileRef = B179F4D42150DBCB009D70A5 /* MBProgressHUD+MJ.m */; };
		B19D02802151F5AE0058BFF9 /* AddStudentVC.m in Sources */ = {isa = PBXBuildFile; fileRef = B19D027F2151F5AE0058BFF9 /* AddStudentVC.m */; };
		B19E5248219D6433006BBC3C /* LeftViewController.m in Sources */ = {isa = PBXBuildFile; fileRef = B19E5247219D6433006BBC3C /* LeftViewController.m */; };
		B19E5265219E6A7B006BBC3C /* TBCityIconFont.m in Sources */ = {isa = PBXBuildFile; fileRef = B19E525F219E6A7B006BBC3C /* TBCityIconFont.m */; };
		B19E5266219E6A7B006BBC3C /* TBCityIconInfo.m in Sources */ = {isa = PBXBuildFile; fileRef = B19E5261219E6A7B006BBC3C /* TBCityIconInfo.m */; };
		B19E5267219E6A7B006BBC3C /* UIImage+TBCityIconFont.m in Sources */ = {isa = PBXBuildFile; fileRef = B19E5264219E6A7B006BBC3C /* UIImage+TBCityIconFont.m */; };
		BF96CBF433ECA0B5B2552701 /* Pods_Yueke.framework in Frameworks */ = {isa = PBXBuildFile; fileRef = 5E351D5ECE0B7E202373D086 /* Pods_Yueke.framework */; };
		EF7CDC2121A065FD0096162E /* UIButton+Gradient.m in Sources */ = {isa = PBXBuildFile; fileRef = EF7CDC1F21A065FD0096162E /* UIButton+Gradient.m */; };
		EF7CDC2221A065FD0096162E /* UIImage+Gradient.m in Sources */ = {isa = PBXBuildFile; fileRef = EF7CDC2021A065FD0096162E /* UIImage+Gradient.m */; };
		EF7CDC2521A06A310096162E /* UIView+Gradient.m in Sources */ = {isa = PBXBuildFile; fileRef = EF7CDC2421A06A310096162E /* UIView+Gradient.m */; };
		EFD81A2A2142D08600C67EC3 /* AppDelegate.m in Sources */ = {isa = PBXBuildFile; fileRef = EFD81A292142D08600C67EC3 /* AppDelegate.m */; };
		EFD81A2D2142D08600C67EC3 /* ViewController.m in Sources */ = {isa = PBXBuildFile; fileRef = EFD81A2C2142D08600C67EC3 /* ViewController.m */; };
		EFD81A302142D08600C67EC3 /* Main.storyboard in Resources */ = {isa = PBXBuildFile; fileRef = EFD81A2E2142D08600C67EC3 /* Main.storyboard */; };
		EFD81A332142D08600C67EC3 /* Yueke.xcdatamodeld in Sources */ = {isa = PBXBuildFile; fileRef = EFD81A312142D08600C67EC3 /* Yueke.xcdatamodeld */; };
		EFD81A352142D08600C67EC3 /* Assets.xcassets in Resources */ = {isa = PBXBuildFile; fileRef = EFD81A342142D08600C67EC3 /* Assets.xcassets */; };
		EFD81A382142D08600C67EC3 /* LaunchScreen.storyboard in Resources */ = {isa = PBXBuildFile; fileRef = EFD81A362142D08600C67EC3 /* LaunchScreen.storyboard */; };
		EFD81A3B2142D08600C67EC3 /* main.m in Sources */ = {isa = PBXBuildFile; fileRef = EFD81A3A2142D08600C67EC3 /* main.m */; };
		EFD81ADE214400A100C67EC3 /* BaseTabbarController.m in Sources */ = {isa = PBXBuildFile; fileRef = EFD81ADD214400A100C67EC3 /* BaseTabbarController.m */; };
		EFD81AE12144011A00C67EC3 /* BaseNavigationController.m in Sources */ = {isa = PBXBuildFile; fileRef = EFD81AE02144011A00C67EC3 /* BaseNavigationController.m */; };
		EFD81AE42144016300C67EC3 /* StudentsViewController.m in Sources */ = {isa = PBXBuildFile; fileRef = EFD81AE32144016300C67EC3 /* StudentsViewController.m */; };
		EFD81AE8214417AA00C67EC3 /* UIColor+util.m in Sources */ = {isa = PBXBuildFile; fileRef = EFD81AE7214417AA00C67EC3 /* UIColor+util.m */; };
		EFD81AEF214BF9C300C67EC3 /* ContentViewCell.m in Sources */ = {isa = PBXBuildFile; fileRef = EFD81AEE214BF9C300C67EC3 /* ContentViewCell.m */; };
/* End PBXBuildFile section */

/* Begin PBXFileReference section */
		0C2761A3C2B8DA645B20DE9F /* Pods-Yueke.release.xcconfig */ = {isa = PBXFileReference; includeInIndex = 1; lastKnownFileType = text.xcconfig; name = "Pods-Yueke.release.xcconfig"; path = "Pods/Target Support Files/Pods-Yueke/Pods-Yueke.release.xcconfig"; sourceTree = "<group>"; };
		474B0ED40A4D838B7FCA94A6 /* Pods-Yueke.debug.xcconfig */ = {isa = PBXFileReference; includeInIndex = 1; lastKnownFileType = text.xcconfig; name = "Pods-Yueke.debug.xcconfig"; path = "Pods/Target Support Files/Pods-Yueke/Pods-Yueke.debug.xcconfig"; sourceTree = "<group>"; };
		5E351D5ECE0B7E202373D086 /* Pods_Yueke.framework */ = {isa = PBXFileReference; explicitFileType = wrapper.framework; includeInIndex = 0; path = Pods_Yueke.framework; sourceTree = BUILT_PRODUCTS_DIR; };
		B129128D2150D3A90039B06D /* HJLoginExample03_VC.m */ = {isa = PBXFileReference; fileEncoding = 4; lastKnownFileType = sourcecode.c.objc; path = HJLoginExample03_VC.m; sourceTree = "<group>"; };
		B129128E2150D3A90039B06D /* HJBaseLogin_VC.m */ = {isa = PBXFileReference; fileEncoding = 4; lastKnownFileType = sourcecode.c.objc; path = HJBaseLogin_VC.m; sourceTree = "<group>"; };
		B129128F2150D3A90039B06D /* NSArray+HJImages.h */ = {isa = PBXFileReference; fileEncoding = 4; lastKnownFileType = sourcecode.c.h; path = "NSArray+HJImages.h"; sourceTree = "<group>"; };
		B12912902150D3A90039B06D /* HJLoginExample03_VC.h */ = {isa = PBXFileReference; fileEncoding = 4; lastKnownFileType = sourcecode.c.h; path = HJLoginExample03_VC.h; sourceTree = "<group>"; };
		B12912912150D3AA0039B06D /* login_bg01.jpg */ = {isa = PBXFileReference; lastKnownFileType = image.jpeg; path = login_bg01.jpg; sourceTree = "<group>"; };
		B12912922150D3AA0039B06D /* NSArray+HJImages.m */ = {isa = PBXFileReference; fileEncoding = 4; lastKnownFileType = sourcecode.c.objc; path = "NSArray+HJImages.m"; sourceTree = "<group>"; };
		B12912932150D3AA0039B06D /* HJBaseLogin_VC.h */ = {isa = PBXFileReference; fileEncoding = 4; lastKnownFileType = sourcecode.c.h; path = HJBaseLogin_VC.h; sourceTree = "<group>"; };
		B14D8F7B21B7F58C00B8D740 /* EventKitUI.framework */ = {isa = PBXFileReference; lastKnownFileType = wrapper.framework; name = EventKitUI.framework; path = System/Library/Frameworks/EventKitUI.framework; sourceTree = SDKROOT; };
		B14D8F7C21B7F58C00B8D740 /* EventKit.framework */ = {isa = PBXFileReference; lastKnownFileType = wrapper.framework; name = EventKit.framework; path = System/Library/Frameworks/EventKit.framework; sourceTree = SDKROOT; };
		B14D8F8221B7F63200B8D740 /* CalendarLib.framework */ = {isa = PBXFileReference; explicitFileType = wrapper.framework; path = CalendarLib.framework; sourceTree = BUILT_PRODUCTS_DIR; };
		B14D8F8421B7F64A00B8D740 /* UIKit.framework */ = {isa = PBXFileReference; lastKnownFileType = wrapper.framework; name = UIKit.framework; path = System/Library/Frameworks/UIKit.framework; sourceTree = SDKROOT; };
		B14D8F8621B7F65900B8D740 /* Foundation.framework */ = {isa = PBXFileReference; lastKnownFileType = wrapper.framework; name = Foundation.framework; path = System/Library/Frameworks/Foundation.framework; sourceTree = SDKROOT; };
		B14D8F8821B7F66100B8D740 /* CoreGraphics.framework */ = {isa = PBXFileReference; lastKnownFileType = wrapper.framework; name = CoreGraphics.framework; path = System/Library/Frameworks/CoreGraphics.framework; sourceTree = SDKROOT; };
		B14D8F8A21B7F7EA00B8D740 /* MonthViewController.h */ = {isa = PBXFileReference; fileEncoding = 4; lastKnownFileType = sourcecode.c.h; path = MonthViewController.h; sourceTree = "<group>"; };
		B14D8F8B21B7F7EA00B8D740 /* MonthViewController.m */ = {isa = PBXFileReference; fileEncoding = 4; lastKnownFileType = sourcecode.c.objc; path = MonthViewController.m; sourceTree = "<group>"; };
		B14D8F8D21B7F88100B8D740 /* MainViewController.m */ = {isa = PBXFileReference; fileEncoding = 4; lastKnownFileType = sourcecode.c.objc; path = MainViewController.m; sourceTree = "<group>"; };
		B14D8F8E21B7F88100B8D740 /* MainViewController.h */ = {isa = PBXFileReference; fileEncoding = 4; lastKnownFileType = sourcecode.c.h; path = MainViewController.h; sourceTree = "<group>"; };
		B14D8F9021B7F8D400B8D740 /* MonthSettingsViewController.h */ = {isa = PBXFileReference; fileEncoding = 4; lastKnownFileType = sourcecode.c.h; path = MonthSettingsViewController.h; sourceTree = "<group>"; };
		B14D8F9121B7F8D400B8D740 /* MonthSettingsViewController.m */ = {isa = PBXFileReference; fileEncoding = 4; lastKnownFileType = sourcecode.c.objc; path = MonthSettingsViewController.m; sourceTree = "<group>"; };
		B14D8F9421B7F90E00B8D740 /* MGCCalendarHeaderCell.xib */ = {isa = PBXFileReference; fileEncoding = 4; lastKnownFileType = file.xib; path = MGCCalendarHeaderCell.xib; sourceTree = "<group>"; };
		B14D8F9521B7F90E00B8D740 /* MGCYearCalendarMonthHeaderView.h */ = {isa = PBXFileReference; fileEncoding = 4; lastKnownFileType = sourcecode.c.h; path = MGCYearCalendarMonthHeaderView.h; sourceTree = "<group>"; };
		B14D8F9621B7F90E00B8D740 /* MGCCalendarHeaderView.m */ = {isa = PBXFileReference; fileEncoding = 4; lastKnownFileType = sourcecode.c.objc; path = MGCCalendarHeaderView.m; sourceTree = "<group>"; };
		B14D8F9721B7F90E00B8D740 /* MGCEventCell.m */ = {isa = PBXFileReference; fileEncoding = 4; lastKnownFileType = sourcecode.c.objc; path = MGCEventCell.m; sourceTree = "<group>"; };
		B14D8F9821B7F90E00B8D740 /* MGCYearCalendarMonthCell.h */ = {isa = PBXFileReference; fileEncoding = 4; lastKnownFileType = sourcecode.c.h; path = MGCYearCalendarMonthCell.h; sourceTree = "<group>"; };
		B14D8F9921B7F90E00B8D740 /* MGCMonthPlannerViewDayCell.m */ = {isa = PBXFileReference; fileEncoding = 4; lastKnownFileType = sourcecode.c.objc; path = MGCMonthPlannerViewDayCell.m; sourceTree = "<group>"; };
		B14D8F9A21B7F90E00B8D740 /* MGCEventsRowView.h */ = {isa = PBXFileReference; fileEncoding = 4; lastKnownFileType = sourcecode.c.h; path = MGCEventsRowView.h; sourceTree = "<group>"; };
		B14D8F9B21B7F90E00B8D740 /* MGCEventKitSupport.h */ = {isa = PBXFileReference; fileEncoding = 4; lastKnownFileType = sourcecode.c.h; path = MGCEventKitSupport.h; sourceTree = "<group>"; };
		B14D8F9D21B7F90E00B8D740 /* en */ = {isa = PBXFileReference; lastKnownFileType = text.plist.strings; name = en; path = en.lproj/Localizable.strings; sourceTree = "<group>"; };
		B14D8F9E21B7F90E00B8D740 /* NSCalendar+MGCAdditions.h */ = {isa = PBXFileReference; fileEncoding = 4; lastKnownFileType = sourcecode.c.h; path = "NSCalendar+MGCAdditions.h"; sourceTree = "<group>"; };
		B14D8F9F21B7F90E00B8D740 /* MGCDayPlannerEKViewController.m */ = {isa = PBXFileReference; fileEncoding = 4; lastKnownFileType = sourcecode.c.objc; path = MGCDayPlannerEKViewController.m; sourceTree = "<group>"; };
		B14D8FA021B7F90E00B8D740 /* MGCTimeRowsView.m */ = {isa = PBXFileReference; fileEncoding = 4; lastKnownFileType = sourcecode.c.objc; path = MGCTimeRowsView.m; sourceTree = "<group>"; };
		B14D8FA121B7F90E00B8D740 /* MGCAlignedGeometry.h */ = {isa = PBXFileReference; fileEncoding = 4; lastKnownFileType = sourcecode.c.h; path = MGCAlignedGeometry.h; sourceTree = "<group>"; };
		B14D8FA221B7F90E00B8D740 /* MGCEventView.m */ = {isa = PBXFileReference; fileEncoding = 4; lastKnownFileType = sourcecode.c.objc; path = MGCEventView.m; sourceTree = "<group>"; };
		B14D8FA321B7F90E00B8D740 /* MGCCalendarHeaderCell.m */ = {isa = PBXFileReference; fileEncoding = 4; lastKnownFileType = sourcecode.c.objc; path = MGCCalendarHeaderCell.m; sourceTree = "<group>"; };
		B14D8FA421B7F90E00B8D740 /* MGCYearCalendarView.m */ = {isa = PBXFileReference; fileEncoding = 4; lastKnownFileType = sourcecode.c.objc; path = MGCYearCalendarView.m; sourceTree = "<group>"; };
		B14D8FA521B7F90E00B8D740 /* MGCDayPlannerView.m */ = {isa = PBXFileReference; fileEncoding = 4; lastKnownFileType = sourcecode.c.objc; path = MGCDayPlannerView.m; sourceTree = "<group>"; };
		B14D8FA621B7F90E00B8D740 /* MGCMonthPlannerBackgroundView.m */ = {isa = PBXFileReference; fileEncoding = 4; lastKnownFileType = sourcecode.c.objc; path = MGCMonthPlannerBackgroundView.m; sourceTree = "<group>"; };
		B14D8FA721B7F90E00B8D740 /* MGCMonthPlannerWeekView.m */ = {isa = PBXFileReference; fileEncoding = 4; lastKnownFileType = sourcecode.c.objc; path = MGCMonthPlannerWeekView.m; sourceTree = "<group>"; };
		B14D8FA821B7F90E00B8D740 /* MGCDateRange.h */ = {isa = PBXFileReference; fileEncoding = 4; lastKnownFileType = sourcecode.c.h; path = MGCDateRange.h; sourceTree = "<group>"; };
		B14D8FA921B7F90E00B8D740 /* MGCMonthPlannerEKViewController.h */ = {isa = PBXFileReference; fileEncoding = 4; lastKnownFileType = sourcecode.c.h; path = MGCMonthPlannerEKViewController.h; sourceTree = "<group>"; };
		B14D8FAA21B7F90E00B8D740 /* MGCMonthMiniCalendarView.h */ = {isa = PBXFileReference; fileEncoding = 4; lastKnownFileType = sourcecode.c.h; path = MGCMonthMiniCalendarView.h; sourceTree = "<group>"; };
		B14D8FAB21B7F90E00B8D740 /* Constant.h */ = {isa = PBXFileReference; fileEncoding = 4; lastKnownFileType = sourcecode.c.h; path = Constant.h; sourceTree = "<group>"; };
		B14D8FAC21B7F90E00B8D740 /* MGCMonthPlannerView.m */ = {isa = PBXFileReference; fileEncoding = 4; lastKnownFileType = sourcecode.c.objc; path = MGCMonthPlannerView.m; sourceTree = "<group>"; };
		B14D8FAD21B7F90E00B8D740 /* MGCStandardEventView.h */ = {isa = PBXFileReference; fileEncoding = 4; lastKnownFileType = sourcecode.c.h; path = MGCStandardEventView.h; sourceTree = "<group>"; };
		B14D8FAE21B7F90E00B8D740 /* MGCTimedEventsViewLayout.h */ = {isa = PBXFileReference; fileEncoding = 4; lastKnownFileType = sourcecode.c.h; path = MGCTimedEventsViewLayout.h; sourceTree = "<group>"; };
		B14D8FAF21B7F90E00B8D740 /* MGCReusableObjectQueue.h */ = {isa = PBXFileReference; fileEncoding = 4; lastKnownFileType = sourcecode.c.h; path = MGCReusableObjectQueue.h; sourceTree = "<group>"; };
		B14D8FB021B7F90E00B8D740 /* MGCAllDayEventsViewLayout.h */ = {isa = PBXFileReference; fileEncoding = 4; lastKnownFileType = sourcecode.c.h; path = MGCAllDayEventsViewLayout.h; sourceTree = "<group>"; };
		B14D8FB121B7F90E00B8D740 /* MGCEventCellLayoutAttributes.h */ = {isa = PBXFileReference; fileEncoding = 4; lastKnownFileType = sourcecode.c.h; path = MGCEventCellLayoutAttributes.h; sourceTree = "<group>"; };
		B14D8FB221B7F90E00B8D740 /* MGCMonthPlannerViewLayout.h */ = {isa = PBXFileReference; fileEncoding = 4; lastKnownFileType = sourcecode.c.h; path = MGCMonthPlannerViewLayout.h; sourceTree = "<group>"; };
		B14D8FB321B7F90E00B8D740 /* NSAttributedString+MGCAdditions.m */ = {isa = PBXFileReference; fileEncoding = 4; lastKnownFileType = sourcecode.c.objc; path = "NSAttributedString+MGCAdditions.m"; sourceTree = "<group>"; };
		B14D8FB421B7F90E00B8D740 /* MGCMonthPlannerHeaderView.h */ = {isa = PBXFileReference; fileEncoding = 4; lastKnownFileType = sourcecode.c.h; path = MGCMonthPlannerHeaderView.h; sourceTree = "<group>"; };
		B14D8FB521B7F90E00B8D740 /* MGCMonthPlannerViewController.h */ = {isa = PBXFileReference; fileEncoding = 4; lastKnownFileType = sourcecode.c.h; path = MGCMonthPlannerViewController.h; sourceTree = "<group>"; };
		B14D8FB621B7F90E00B8D740 /* MGCDayColumnCell.h */ = {isa = PBXFileReference; fileEncoding = 4; lastKnownFileType = sourcecode.c.h; path = MGCDayColumnCell.h; sourceTree = "<group>"; };
		B14D8FB721B7F90E00B8D740 /* MGCDayPlannerViewController.h */ = {isa = PBXFileReference; fileEncoding = 4; lastKnownFileType = sourcecode.c.h; path = MGCDayPlannerViewController.h; sourceTree = "<group>"; };
		B14D8FB821B7F90F00B8D740 /* MGCInteractiveEventView.h */ = {isa = PBXFileReference; fileEncoding = 4; lastKnownFileType = sourcecode.c.h; path = MGCInteractiveEventView.h; sourceTree = "<group>"; };
		B14D8FB921B7F90F00B8D740 /* MGCDayPlannerEKViewController.h */ = {isa = PBXFileReference; fileEncoding = 4; lastKnownFileType = sourcecode.c.h; path = MGCDayPlannerEKViewController.h; sourceTree = "<group>"; };
		B14D8FBA21B7F90F00B8D740 /* NSCalendar+MGCAdditions.m */ = {isa = PBXFileReference; fileEncoding = 4; lastKnownFileType = sourcecode.c.objc; path = "NSCalendar+MGCAdditions.m"; sourceTree = "<group>"; };
		B14D8FBB21B7F90F00B8D740 /* MGCEventsRowView.m */ = {isa = PBXFileReference; fileEncoding = 4; lastKnownFileType = sourcecode.c.objc; path = MGCEventsRowView.m; sourceTree = "<group>"; };
		B14D8FBC21B7F90F00B8D740 /* MGCEventKitSupport.m */ = {isa = PBXFileReference; fileEncoding = 4; lastKnownFileType = sourcecode.c.objc; path = MGCEventKitSupport.m; sourceTree = "<group>"; };
		B14D8FBD21B7F90F00B8D740 /* MGCMonthPlannerViewDayCell.h */ = {isa = PBXFileReference; fileEncoding = 4; lastKnownFileType = sourcecode.c.h; path = MGCMonthPlannerViewDayCell.h; sourceTree = "<group>"; };
		B14D8FBE21B7F90F00B8D740 /* MGCYearCalendarMonthCell.m */ = {isa = PBXFileReference; fileEncoding = 4; lastKnownFileType = sourcecode.c.objc; path = MGCYearCalendarMonthCell.m; sourceTree = "<group>"; };
		B14D8FBF21B7F90F00B8D740 /* MGCEventCell.h */ = {isa = PBXFileReference; fileEncoding = 4; lastKnownFileType = sourcecode.c.h; path = MGCEventCell.h; sourceTree = "<group>"; };
		B14D8FC021B7F90F00B8D740 /* MGCCalendarHeaderView.h */ = {isa = PBXFileReference; fileEncoding = 4; lastKnownFileType = sourcecode.c.h; path = MGCCalendarHeaderView.h; sourceTree = "<group>"; };
		B14D8FC121B7F90F00B8D740 /* MGCYearCalendarMonthHeaderView.m */ = {isa = PBXFileReference; fileEncoding = 4; lastKnownFileType = sourcecode.c.objc; path = MGCYearCalendarMonthHeaderView.m; sourceTree = "<group>"; };
		B14D8FC221B7F90F00B8D740 /* MGCCalendarHeaderCell.h */ = {isa = PBXFileReference; fileEncoding = 4; lastKnownFileType = sourcecode.c.h; path = MGCCalendarHeaderCell.h; sourceTree = "<group>"; };
		B14D8FC321B7F90F00B8D740 /* MGCEventView.h */ = {isa = PBXFileReference; fileEncoding = 4; lastKnownFileType = sourcecode.c.h; path = MGCEventView.h; sourceTree = "<group>"; };
		B14D8FC421B7F90F00B8D740 /* MGCAlignedGeometry.m */ = {isa = PBXFileReference; fileEncoding = 4; lastKnownFileType = sourcecode.c.objc; path = MGCAlignedGeometry.m; sourceTree = "<group>"; };
		B14D8FC521B7F90F00B8D740 /* MGCTimeRowsView.h */ = {isa = PBXFileReference; fileEncoding = 4; lastKnownFileType = sourcecode.c.h; path = MGCTimeRowsView.h; sourceTree = "<group>"; };
		B14D8FC621B7F90F00B8D740 /* MGCEventCellLayoutAttributes.m */ = {isa = PBXFileReference; fileEncoding = 4; lastKnownFileType = sourcecode.c.objc; path = MGCEventCellLayoutAttributes.m; sourceTree = "<group>"; };
		B14D8FC721B7F90F00B8D740 /* MGCAllDayEventsViewLayout.m */ = {isa = PBXFileReference; fileEncoding = 4; lastKnownFileType = sourcecode.c.objc; path = MGCAllDayEventsViewLayout.m; sourceTree = "<group>"; };
		B14D8FC821B7F90F00B8D740 /* MGCReusableObjectQueue.m */ = {isa = PBXFileReference; fileEncoding = 4; lastKnownFileType = sourcecode.c.objc; path = MGCReusableObjectQueue.m; sourceTree = "<group>"; };
		B14D8FC921B7F90F00B8D740 /* fr */ = {isa = PBXFileReference; lastKnownFileType = text.plist.strings; name = fr; path = fr.lproj/Localizable.strings; sourceTree = "<group>"; };
		B14D8FCA21B7F90F00B8D740 /* MGCMonthPlannerView.h */ = {isa = PBXFileReference; fileEncoding = 4; lastKnownFileType = sourcecode.c.h; path = MGCMonthPlannerView.h; sourceTree = "<group>"; };
		B14D8FCB21B7F90F00B8D740 /* MGCTimedEventsViewLayout.m */ = {isa = PBXFileReference; fileEncoding = 4; lastKnownFileType = sourcecode.c.objc; path = MGCTimedEventsViewLayout.m; sourceTree = "<group>"; };
		B14D8FCC21B7F90F00B8D740 /* MGCStandardEventView.m */ = {isa = PBXFileReference; fileEncoding = 4; lastKnownFileType = sourcecode.c.objc; path = MGCStandardEventView.m; sourceTree = "<group>"; };
		B14D8FCD21B7F90F00B8D740 /* MGCMonthPlannerEKViewController.m */ = {isa = PBXFileReference; fileEncoding = 4; lastKnownFileType = sourcecode.c.objc; path = MGCMonthPlannerEKViewController.m; sourceTree = "<group>"; };
		B14D8FCE21B7F90F00B8D740 /* MGCMonthMiniCalendarView.m */ = {isa = PBXFileReference; fileEncoding = 4; lastKnownFileType = sourcecode.c.objc; path = MGCMonthMiniCalendarView.m; sourceTree = "<group>"; };
		B14D8FCF21B7F90F00B8D740 /* MGCDateRange.m */ = {isa = PBXFileReference; fileEncoding = 4; lastKnownFileType = sourcecode.c.objc; path = MGCDateRange.m; sourceTree = "<group>"; };
		B14D8FD021B7F90F00B8D740 /* MGCMonthPlannerWeekView.h */ = {isa = PBXFileReference; fileEncoding = 4; lastKnownFileType = sourcecode.c.h; path = MGCMonthPlannerWeekView.h; sourceTree = "<group>"; };
		B14D8FD121B7F90F00B8D740 /* MGCMonthPlannerBackgroundView.h */ = {isa = PBXFileReference; fileEncoding = 4; lastKnownFileType = sourcecode.c.h; path = MGCMonthPlannerBackgroundView.h; sourceTree = "<group>"; };
		B14D8FD221B7F90F00B8D740 /* MGCDayPlannerView.h */ = {isa = PBXFileReference; fileEncoding = 4; lastKnownFileType = sourcecode.c.h; path = MGCDayPlannerView.h; sourceTree = "<group>"; };
		B14D8FD321B7F90F00B8D740 /* MGCYearCalendarView.h */ = {isa = PBXFileReference; fileEncoding = 4; lastKnownFileType = sourcecode.c.h; path = MGCYearCalendarView.h; sourceTree = "<group>"; };
		B14D8FD421B7F90F00B8D740 /* MGCInteractiveEventView.m */ = {isa = PBXFileReference; fileEncoding = 4; lastKnownFileType = sourcecode.c.objc; path = MGCInteractiveEventView.m; sourceTree = "<group>"; };
		B14D8FD521B7F90F00B8D740 /* MGCDayPlannerViewController.m */ = {isa = PBXFileReference; fileEncoding = 4; lastKnownFileType = sourcecode.c.objc; path = MGCDayPlannerViewController.m; sourceTree = "<group>"; };
		B14D8FD621B7F90F00B8D740 /* MGCDayColumnCell.m */ = {isa = PBXFileReference; fileEncoding = 4; lastKnownFileType = sourcecode.c.objc; path = MGCDayColumnCell.m; sourceTree = "<group>"; };
		B14D8FD721B7F90F00B8D740 /* MGCMonthPlannerViewController.m */ = {isa = PBXFileReference; fileEncoding = 4; lastKnownFileType = sourcecode.c.objc; path = MGCMonthPlannerViewController.m; sourceTree = "<group>"; };
		B14D8FD821B7F90F00B8D740 /* NSAttributedString+MGCAdditions.h */ = {isa = PBXFileReference; fileEncoding = 4; lastKnownFileType = sourcecode.c.h; path = "NSAttributedString+MGCAdditions.h"; sourceTree = "<group>"; };
		B14D8FD921B7F90F00B8D740 /* MGCMonthPlannerHeaderView.m */ = {isa = PBXFileReference; fileEncoding = 4; lastKnownFileType = sourcecode.c.objc; path = MGCMonthPlannerHeaderView.m; sourceTree = "<group>"; };
		B14D8FDA21B7F90F00B8D740 /* MGCMonthPlannerViewLayout.m */ = {isa = PBXFileReference; fileEncoding = 4; lastKnownFileType = sourcecode.c.objc; path = MGCMonthPlannerViewLayout.m; sourceTree = "<group>"; };
		B168FC7C214A669B006C65FD /* EventModel.h */ = {isa = PBXFileReference; lastKnownFileType = sourcecode.c.h; path = EventModel.h; sourceTree = "<group>"; };
		B168FC7D214A669B006C65FD /* EventModel.m */ = {isa = PBXFileReference; lastKnownFileType = sourcecode.c.objc; path = EventModel.m; sourceTree = "<group>"; };
		B16A94922148BCF60001F3B1 /* LTSCalendarDayItem.m */ = {isa = PBXFileReference; fileEncoding = 4; lastKnownFileType = sourcecode.c.objc; path = LTSCalendarDayItem.m; sourceTree = "<group>"; };
		B16A94932148BCF60001F3B1 /* LTSCalendarCollectionCell.h */ = {isa = PBXFileReference; fileEncoding = 4; lastKnownFileType = sourcecode.c.h; path = LTSCalendarCollectionCell.h; sourceTree = "<group>"; };
		B16A94942148BCF60001F3B1 /* LTSCalendarManager.m */ = {isa = PBXFileReference; fileEncoding = 4; lastKnownFileType = sourcecode.c.objc; path = LTSCalendarManager.m; sourceTree = "<group>"; };
		B16A94952148BCF60001F3B1 /* LTSCalendarScrollView.h */ = {isa = PBXFileReference; fileEncoding = 4; lastKnownFileType = sourcecode.c.h; path = LTSCalendarScrollView.h; sourceTree = "<group>"; };
		B16A94962148BCF60001F3B1 /* LTSCircleView.m */ = {isa = PBXFileReference; fileEncoding = 4; lastKnownFileType = sourcecode.c.objc; path = LTSCircleView.m; sourceTree = "<group>"; };
		B16A94972148BCF60001F3B1 /* LTSCalendarAppearance.m */ = {isa = PBXFileReference; fileEncoding = 4; lastKnownFileType = sourcecode.c.objc; path = LTSCalendarAppearance.m; sourceTree = "<group>"; };
		B16A94982148BCF60001F3B1 /* LTSCalendarWeekDayView.h */ = {isa = PBXFileReference; fileEncoding = 4; lastKnownFileType = sourcecode.c.h; path = LTSCalendarWeekDayView.h; sourceTree = "<group>"; };
		B16A94992148BCF60001F3B1 /* LTSCalendarCollectionViewFlowLayout.h */ = {isa = PBXFileReference; fileEncoding = 4; lastKnownFileType = sourcecode.c.h; path = LTSCalendarCollectionViewFlowLayout.h; sourceTree = "<group>"; };
		B16A949A2148BCF60001F3B1 /* LTSCalendarContentView.m */ = {isa = PBXFileReference; fileEncoding = 4; lastKnownFileType = sourcecode.c.objc; path = LTSCalendarContentView.m; sourceTree = "<group>"; };
		B16A949B2148BCF60001F3B1 /* LTSCalendarViewController.m */ = {isa = PBXFileReference; fileEncoding = 4; lastKnownFileType = sourcecode.c.objc; path = LTSCalendarViewController.m; sourceTree = "<group>"; };
		B16A949C2148BCF60001F3B1 /* LTSCalendarCollectionCell.m */ = {isa = PBXFileReference; fileEncoding = 4; lastKnownFileType = sourcecode.c.objc; path = LTSCalendarCollectionCell.m; sourceTree = "<group>"; };
		B16A949D2148BCF60001F3B1 /* LTSCalendarDayItem.h */ = {isa = PBXFileReference; fileEncoding = 4; lastKnownFileType = sourcecode.c.h; path = LTSCalendarDayItem.h; sourceTree = "<group>"; };
		B16A949E2148BCF60001F3B1 /* LTSCalendarAppearance.h */ = {isa = PBXFileReference; fileEncoding = 4; lastKnownFileType = sourcecode.c.h; path = LTSCalendarAppearance.h; sourceTree = "<group>"; };
		B16A949F2148BCF60001F3B1 /* LTSCircleView.h */ = {isa = PBXFileReference; fileEncoding = 4; lastKnownFileType = sourcecode.c.h; path = LTSCircleView.h; sourceTree = "<group>"; };
		B16A94A02148BCF60001F3B1 /* LTSCalendarScrollView.m */ = {isa = PBXFileReference; fileEncoding = 4; lastKnownFileType = sourcecode.c.objc; path = LTSCalendarScrollView.m; sourceTree = "<group>"; };
		B16A94A12148BCF60001F3B1 /* LTSCalendarManager.h */ = {isa = PBXFileReference; fileEncoding = 4; lastKnownFileType = sourcecode.c.h; path = LTSCalendarManager.h; sourceTree = "<group>"; };
		B16A94A22148BCF60001F3B1 /* LTSCalendarContentView.h */ = {isa = PBXFileReference; fileEncoding = 4; lastKnownFileType = sourcecode.c.h; path = LTSCalendarContentView.h; sourceTree = "<group>"; };
		B16A94A32148BCF60001F3B1 /* LTSCalendarCollectionViewFlowLayout.m */ = {isa = PBXFileReference; fileEncoding = 4; lastKnownFileType = sourcecode.c.objc; path = LTSCalendarCollectionViewFlowLayout.m; sourceTree = "<group>"; };
		B16A94A42148BCF60001F3B1 /* LTSCalendarWeekDayView.m */ = {isa = PBXFileReference; fileEncoding = 4; lastKnownFileType = sourcecode.c.objc; path = LTSCalendarWeekDayView.m; sourceTree = "<group>"; };
		B16A94A52148BCF60001F3B1 /* LTSCalendarViewController.h */ = {isa = PBXFileReference; fileEncoding = 4; lastKnownFileType = sourcecode.c.h; path = LTSCalendarViewController.h; sourceTree = "<group>"; };
		B16A94A62148BCF60001F3B1 /* LTSCalendarEventSource.h */ = {isa = PBXFileReference; fileEncoding = 4; lastKnownFileType = sourcecode.c.h; path = LTSCalendarEventSource.h; sourceTree = "<group>"; };
		B174D55D2159D5EB0055820A /* NSString+MD5.h */ = {isa = PBXFileReference; fileEncoding = 4; lastKnownFileType = sourcecode.c.h; path = "NSString+MD5.h"; sourceTree = "<group>"; };
		B174D55E2159D5EC0055820A /* NSString+MD5.m */ = {isa = PBXFileReference; fileEncoding = 4; lastKnownFileType = sourcecode.c.objc; path = "NSString+MD5.m"; sourceTree = "<group>"; };
		B174D58A215CAED80055820A /* CalendarDaysClass.h */ = {isa = PBXFileReference; lastKnownFileType = sourcecode.c.h; path = CalendarDaysClass.h; sourceTree = "<group>"; };
		B174D58B215CAED80055820A /* CalendarDaysClass.m */ = {isa = PBXFileReference; lastKnownFileType = sourcecode.c.objc; path = CalendarDaysClass.m; sourceTree = "<group>"; };
		B174D592215DD7C50055820A /* JohnTopAlert.m */ = {isa = PBXFileReference; fileEncoding = 4; lastKnownFileType = sourcecode.c.objc; path = JohnTopAlert.m; sourceTree = "<group>"; };
		B174D593215DD7C50055820A /* JohnAlertManager.m */ = {isa = PBXFileReference; fileEncoding = 4; lastKnownFileType = sourcecode.c.objc; path = JohnAlertManager.m; sourceTree = "<group>"; };
		B174D594215DD7C50055820A /* JohnAlertManager.h */ = {isa = PBXFileReference; fileEncoding = 4; lastKnownFileType = sourcecode.c.h; path = JohnAlertManager.h; sourceTree = "<group>"; };
		B174D595215DD7C50055820A /* JohnTopAlert.h */ = {isa = PBXFileReference; fileEncoding = 4; lastKnownFileType = sourcecode.c.h; path = JohnTopAlert.h; sourceTree = "<group>"; };
		B174D598215DD7F00055820A /* UIColor+Tools.h */ = {isa = PBXFileReference; fileEncoding = 4; lastKnownFileType = sourcecode.c.h; path = "UIColor+Tools.h"; sourceTree = "<group>"; };
		B174D599215DD7F00055820A /* UIColor+Tools.m */ = {isa = PBXFileReference; fileEncoding = 4; lastKnownFileType = sourcecode.c.objc; path = "UIColor+Tools.m"; sourceTree = "<group>"; };
		B174D59E215DFAC90055820A /* AddEventViewController.h */ = {isa = PBXFileReference; lastKnownFileType = sourcecode.c.h; path = AddEventViewController.h; sourceTree = "<group>"; };
		B174D59F215DFAC90055820A /* AddEventViewController.m */ = {isa = PBXFileReference; lastKnownFileType = sourcecode.c.objc; path = AddEventViewController.m; sourceTree = "<group>"; };
		B174D5A6215E080D0055820A /* ZHPickView.h */ = {isa = PBXFileReference; fileEncoding = 4; lastKnownFileType = sourcecode.c.h; path = ZHPickView.h; sourceTree = "<group>"; };
		B174D5A7215E080D0055820A /* ZHPickView.m */ = {isa = PBXFileReference; fileEncoding = 4; lastKnownFileType = sourcecode.c.objc; path = ZHPickView.m; sourceTree = "<group>"; };
		B174D5AC215E1BA50055820A /* UITableView+ZYXIndexTip.m */ = {isa = PBXFileReference; fileEncoding = 4; lastKnownFileType = sourcecode.c.objc; path = "UITableView+ZYXIndexTip.m"; sourceTree = "<group>"; };
		B174D5AD215E1BA50055820A /* UITableView+ZYXIndexTip.h */ = {isa = PBXFileReference; fileEncoding = 4; lastKnownFileType = sourcecode.c.h; path = "UITableView+ZYXIndexTip.h"; sourceTree = "<group>"; };
		B174D5AF215E1C100055820A /* SelStudentsViewController.h */ = {isa = PBXFileReference; lastKnownFileType = sourcecode.c.h; path = SelStudentsViewController.h; sourceTree = "<group>"; };
		B174D5B0215E1C100055820A /* SelStudentsViewController.m */ = {isa = PBXFileReference; lastKnownFileType = sourcecode.c.objc; path = SelStudentsViewController.m; sourceTree = "<group>"; };
		B174D5B3215E1D010055820A /* Aspects.h */ = {isa = PBXFileReference; fileEncoding = 4; lastKnownFileType = sourcecode.c.h; path = Aspects.h; sourceTree = "<group>"; };
		B174D5B4215E1D010055820A /* Aspects.m */ = {isa = PBXFileReference; fileEncoding = 4; lastKnownFileType = sourcecode.c.objc; path = Aspects.m; sourceTree = "<group>"; };
		B174D5B6215F0FF00055820A /* YKTool.h */ = {isa = PBXFileReference; lastKnownFileType = sourcecode.c.h; path = YKTool.h; sourceTree = "<group>"; };
		B174D5B7215F0FF00055820A /* YKTool.m */ = {isa = PBXFileReference; lastKnownFileType = sourcecode.c.objc; path = YKTool.m; sourceTree = "<group>"; };
		B174D5BD215F532D0055820A /* bannertips_success_blue@2x.png */ = {isa = PBXFileReference; lastKnownFileType = image.png; path = "bannertips_success_blue@2x.png"; sourceTree = "<group>"; };
		B174D5BE215F532D0055820A /* bannertips_warning@2x.png */ = {isa = PBXFileReference; lastKnownFileType = image.png; path = "bannertips_warning@2x.png"; sourceTree = "<group>"; };
		B174D5BF215F532D0055820A /* bannertips_message@2x.png */ = {isa = PBXFileReference; lastKnownFileType = image.png; path = "bannertips_message@2x.png"; sourceTree = "<group>"; };
		B179F4D02150DB18009D70A5 /* BasicNetWorking.h */ = {isa = PBXFileReference; fileEncoding = 4; lastKnownFileType = sourcecode.c.h; name = BasicNetWorking.h; path = Yueke/BaseController/BasicNetWorking.h; sourceTree = SOURCE_ROOT; };
		B179F4D12150DB18009D70A5 /* BasicNetWorking.m */ = {isa = PBXFileReference; fileEncoding = 4; lastKnownFileType = sourcecode.c.objc; name = BasicNetWorking.m; path = Yueke/BaseController/BasicNetWorking.m; sourceTree = SOURCE_ROOT; };
		B179F4D32150DBCB009D70A5 /* MBProgressHUD+MJ.h */ = {isa = PBXFileReference; fileEncoding = 4; lastKnownFileType = sourcecode.c.h; name = "MBProgressHUD+MJ.h"; path = "Yueke/Tools/MBProgressHUD+MJ.h"; sourceTree = SOURCE_ROOT; };
		B179F4D42150DBCB009D70A5 /* MBProgressHUD+MJ.m */ = {isa = PBXFileReference; fileEncoding = 4; lastKnownFileType = sourcecode.c.objc; name = "MBProgressHUD+MJ.m"; path = "Yueke/Tools/MBProgressHUD+MJ.m"; sourceTree = SOURCE_ROOT; };
		B19D027E2151F5AE0058BFF9 /* AddStudentVC.h */ = {isa = PBXFileReference; lastKnownFileType = sourcecode.c.h; path = AddStudentVC.h; sourceTree = "<group>"; };
		B19D027F2151F5AE0058BFF9 /* AddStudentVC.m */ = {isa = PBXFileReference; lastKnownFileType = sourcecode.c.objc; path = AddStudentVC.m; sourceTree = "<group>"; };
		B19E5246219D6433006BBC3C /* LeftViewController.h */ = {isa = PBXFileReference; lastKnownFileType = sourcecode.c.h; path = LeftViewController.h; sourceTree = "<group>"; };
		B19E5247219D6433006BBC3C /* LeftViewController.m */ = {isa = PBXFileReference; lastKnownFileType = sourcecode.c.objc; path = LeftViewController.m; sourceTree = "<group>"; };
		B19E5258219E65AF006BBC3C /* iconfont.ttf */ = {isa = PBXFileReference; lastKnownFileType = file; path = iconfont.ttf; sourceTree = "<group>"; };
		B19E525F219E6A7B006BBC3C /* TBCityIconFont.m */ = {isa = PBXFileReference; fileEncoding = 4; lastKnownFileType = sourcecode.c.objc; path = TBCityIconFont.m; sourceTree = "<group>"; };
		B19E5260219E6A7B006BBC3C /* TBCityIconInfo.h */ = {isa = PBXFileReference; fileEncoding = 4; lastKnownFileType = sourcecode.c.h; path = TBCityIconInfo.h; sourceTree = "<group>"; };
		B19E5261219E6A7B006BBC3C /* TBCityIconInfo.m */ = {isa = PBXFileReference; fileEncoding = 4; lastKnownFileType = sourcecode.c.objc; path = TBCityIconInfo.m; sourceTree = "<group>"; };
		B19E5262219E6A7B006BBC3C /* TBCityIconFont.h */ = {isa = PBXFileReference; fileEncoding = 4; lastKnownFileType = sourcecode.c.h; path = TBCityIconFont.h; sourceTree = "<group>"; };
		B19E5263219E6A7B006BBC3C /* UIImage+TBCityIconFont.h */ = {isa = PBXFileReference; fileEncoding = 4; lastKnownFileType = sourcecode.c.h; path = "UIImage+TBCityIconFont.h"; sourceTree = "<group>"; };
		B19E5264219E6A7B006BBC3C /* UIImage+TBCityIconFont.m */ = {isa = PBXFileReference; fileEncoding = 4; lastKnownFileType = sourcecode.c.objc; path = "UIImage+TBCityIconFont.m"; sourceTree = "<group>"; };
		EF7CDC1D21A065FD0096162E /* UIButton+Gradient.h */ = {isa = PBXFileReference; fileEncoding = 4; lastKnownFileType = sourcecode.c.h; path = "UIButton+Gradient.h"; sourceTree = "<group>"; };
		EF7CDC1E21A065FD0096162E /* UIImage+Gradient.h */ = {isa = PBXFileReference; fileEncoding = 4; lastKnownFileType = sourcecode.c.h; path = "UIImage+Gradient.h"; sourceTree = "<group>"; };
		EF7CDC1F21A065FD0096162E /* UIButton+Gradient.m */ = {isa = PBXFileReference; fileEncoding = 4; lastKnownFileType = sourcecode.c.objc; path = "UIButton+Gradient.m"; sourceTree = "<group>"; };
		EF7CDC2021A065FD0096162E /* UIImage+Gradient.m */ = {isa = PBXFileReference; fileEncoding = 4; lastKnownFileType = sourcecode.c.objc; path = "UIImage+Gradient.m"; sourceTree = "<group>"; };
		EF7CDC2321A06A310096162E /* UIView+Gradient.h */ = {isa = PBXFileReference; lastKnownFileType = sourcecode.c.h; path = "UIView+Gradient.h"; sourceTree = "<group>"; };
		EF7CDC2421A06A310096162E /* UIView+Gradient.m */ = {isa = PBXFileReference; lastKnownFileType = sourcecode.c.objc; path = "UIView+Gradient.m"; sourceTree = "<group>"; };
		EFD81A252142D08600C67EC3 /* Yueke.app */ = {isa = PBXFileReference; explicitFileType = wrapper.application; includeInIndex = 0; path = Yueke.app; sourceTree = BUILT_PRODUCTS_DIR; };
		EFD81A282142D08600C67EC3 /* AppDelegate.h */ = {isa = PBXFileReference; lastKnownFileType = sourcecode.c.h; path = AppDelegate.h; sourceTree = "<group>"; };
		EFD81A292142D08600C67EC3 /* AppDelegate.m */ = {isa = PBXFileReference; lastKnownFileType = sourcecode.c.objc; path = AppDelegate.m; sourceTree = "<group>"; };
		EFD81A2B2142D08600C67EC3 /* ViewController.h */ = {isa = PBXFileReference; lastKnownFileType = sourcecode.c.h; path = ViewController.h; sourceTree = "<group>"; };
		EFD81A2C2142D08600C67EC3 /* ViewController.m */ = {isa = PBXFileReference; lastKnownFileType = sourcecode.c.objc; path = ViewController.m; sourceTree = "<group>"; };
		EFD81A2F2142D08600C67EC3 /* Base */ = {isa = PBXFileReference; lastKnownFileType = file.storyboard; name = Base; path = Base.lproj/Main.storyboard; sourceTree = "<group>"; };
		EFD81A322142D08600C67EC3 /* Yueke.xcdatamodel */ = {isa = PBXFileReference; lastKnownFileType = wrapper.xcdatamodel; path = Yueke.xcdatamodel; sourceTree = "<group>"; };
		EFD81A342142D08600C67EC3 /* Assets.xcassets */ = {isa = PBXFileReference; lastKnownFileType = folder.assetcatalog; path = Assets.xcassets; sourceTree = "<group>"; };
		EFD81A372142D08600C67EC3 /* Base */ = {isa = PBXFileReference; lastKnownFileType = file.storyboard; name = Base; path = Base.lproj/LaunchScreen.storyboard; sourceTree = "<group>"; };
		EFD81A392142D08600C67EC3 /* Info.plist */ = {isa = PBXFileReference; lastKnownFileType = text.plist.xml; path = Info.plist; sourceTree = "<group>"; };
		EFD81A3A2142D08600C67EC3 /* main.m */ = {isa = PBXFileReference; lastKnownFileType = sourcecode.c.objc; path = main.m; sourceTree = "<group>"; };
		EFD81AA8214379D000C67EC3 /* Yueke.pch */ = {isa = PBXFileReference; lastKnownFileType = sourcecode.c.h; path = Yueke.pch; sourceTree = "<group>"; };
		EFD81ADC214400A100C67EC3 /* BaseTabbarController.h */ = {isa = PBXFileReference; lastKnownFileType = sourcecode.c.h; path = BaseTabbarController.h; sourceTree = "<group>"; };
		EFD81ADD214400A100C67EC3 /* BaseTabbarController.m */ = {isa = PBXFileReference; lastKnownFileType = sourcecode.c.objc; path = BaseTabbarController.m; sourceTree = "<group>"; };
		EFD81ADF2144011A00C67EC3 /* BaseNavigationController.h */ = {isa = PBXFileReference; lastKnownFileType = sourcecode.c.h; path = BaseNavigationController.h; sourceTree = "<group>"; };
		EFD81AE02144011A00C67EC3 /* BaseNavigationController.m */ = {isa = PBXFileReference; lastKnownFileType = sourcecode.c.objc; path = BaseNavigationController.m; sourceTree = "<group>"; };
		EFD81AE22144016300C67EC3 /* StudentsViewController.h */ = {isa = PBXFileReference; lastKnownFileType = sourcecode.c.h; path = StudentsViewController.h; sourceTree = "<group>"; };
		EFD81AE32144016300C67EC3 /* StudentsViewController.m */ = {isa = PBXFileReference; lastKnownFileType = sourcecode.c.objc; path = StudentsViewController.m; sourceTree = "<group>"; };
		EFD81AE6214417AA00C67EC3 /* UIColor+util.h */ = {isa = PBXFileReference; lastKnownFileType = sourcecode.c.h; path = "UIColor+util.h"; sourceTree = "<group>"; };
		EFD81AE7214417AA00C67EC3 /* UIColor+util.m */ = {isa = PBXFileReference; lastKnownFileType = sourcecode.c.objc; path = "UIColor+util.m"; sourceTree = "<group>"; };
		EFD81AED214BF9C200C67EC3 /* ContentViewCell.h */ = {isa = PBXFileReference; fileEncoding = 4; lastKnownFileType = sourcecode.c.h; path = ContentViewCell.h; sourceTree = "<group>"; };
		EFD81AEE214BF9C300C67EC3 /* ContentViewCell.m */ = {isa = PBXFileReference; fileEncoding = 4; lastKnownFileType = sourcecode.c.objc; path = ContentViewCell.m; sourceTree = "<group>"; };
/* End PBXFileReference section */

/* Begin PBXFrameworksBuildPhase section */
		EFD81A222142D08600C67EC3 /* Frameworks */ = {
			isa = PBXFrameworksBuildPhase;
			buildActionMask = 2147483647;
			files = (
				B14D8F8921B7F66100B8D740 /* CoreGraphics.framework in Frameworks */,
				B14D8F8721B7F65900B8D740 /* Foundation.framework in Frameworks */,
				B14D8F8521B7F64A00B8D740 /* UIKit.framework in Frameworks */,
				B14D8F7D21B7F58C00B8D740 /* EventKitUI.framework in Frameworks */,
				B14D8F7E21B7F58C00B8D740 /* EventKit.framework in Frameworks */,
				BF96CBF433ECA0B5B2552701 /* Pods_Yueke.framework in Frameworks */,
			);
			runOnlyForDeploymentPostprocessing = 0;
		};
/* End PBXFrameworksBuildPhase section */

/* Begin PBXGroup section */
		79BA659B85EAC6F1C46FC4C2 /* Frameworks */ = {
			isa = PBXGroup;
			children = (
				B14D8F8821B7F66100B8D740 /* CoreGraphics.framework */,
				B14D8F8621B7F65900B8D740 /* Foundation.framework */,
				B14D8F8421B7F64A00B8D740 /* UIKit.framework */,
				B14D8F8221B7F63200B8D740 /* CalendarLib.framework */,
				B14D8F7C21B7F58C00B8D740 /* EventKit.framework */,
				B14D8F7B21B7F58C00B8D740 /* EventKitUI.framework */,
				5E351D5ECE0B7E202373D086 /* Pods_Yueke.framework */,
			);
			name = Frameworks;
			sourceTree = "<group>";
		};
		B14D8F9321B7F90E00B8D740 /* CalendarLib */ = {
			isa = PBXGroup;
			children = (
				B14D8F9421B7F90E00B8D740 /* MGCCalendarHeaderCell.xib */,
				B14D8F9521B7F90E00B8D740 /* MGCYearCalendarMonthHeaderView.h */,
				B14D8F9621B7F90E00B8D740 /* MGCCalendarHeaderView.m */,
				B14D8F9721B7F90E00B8D740 /* MGCEventCell.m */,
				B14D8F9821B7F90E00B8D740 /* MGCYearCalendarMonthCell.h */,
				B14D8F9921B7F90E00B8D740 /* MGCMonthPlannerViewDayCell.m */,
				B14D8F9A21B7F90E00B8D740 /* MGCEventsRowView.h */,
				B14D8F9B21B7F90E00B8D740 /* MGCEventKitSupport.h */,
				B14D8F9C21B7F90E00B8D740 /* Localizable.strings */,
				B14D8F9E21B7F90E00B8D740 /* NSCalendar+MGCAdditions.h */,
				B14D8F9F21B7F90E00B8D740 /* MGCDayPlannerEKViewController.m */,
				B14D8FA021B7F90E00B8D740 /* MGCTimeRowsView.m */,
				B14D8FA121B7F90E00B8D740 /* MGCAlignedGeometry.h */,
				B14D8FA221B7F90E00B8D740 /* MGCEventView.m */,
				B14D8FA321B7F90E00B8D740 /* MGCCalendarHeaderCell.m */,
				B14D8FA421B7F90E00B8D740 /* MGCYearCalendarView.m */,
				B14D8FA521B7F90E00B8D740 /* MGCDayPlannerView.m */,
				B14D8FA621B7F90E00B8D740 /* MGCMonthPlannerBackgroundView.m */,
				B14D8FA721B7F90E00B8D740 /* MGCMonthPlannerWeekView.m */,
				B14D8FA821B7F90E00B8D740 /* MGCDateRange.h */,
				B14D8FA921B7F90E00B8D740 /* MGCMonthPlannerEKViewController.h */,
				B14D8FAA21B7F90E00B8D740 /* MGCMonthMiniCalendarView.h */,
				B14D8FAB21B7F90E00B8D740 /* Constant.h */,
				B14D8FAC21B7F90E00B8D740 /* MGCMonthPlannerView.m */,
				B14D8FAD21B7F90E00B8D740 /* MGCStandardEventView.h */,
				B14D8FAE21B7F90E00B8D740 /* MGCTimedEventsViewLayout.h */,
				B14D8FAF21B7F90E00B8D740 /* MGCReusableObjectQueue.h */,
				B14D8FB021B7F90E00B8D740 /* MGCAllDayEventsViewLayout.h */,
				B14D8FB121B7F90E00B8D740 /* MGCEventCellLayoutAttributes.h */,
				B14D8FB221B7F90E00B8D740 /* MGCMonthPlannerViewLayout.h */,
				B14D8FB321B7F90E00B8D740 /* NSAttributedString+MGCAdditions.m */,
				B14D8FB421B7F90E00B8D740 /* MGCMonthPlannerHeaderView.h */,
				B14D8FB521B7F90E00B8D740 /* MGCMonthPlannerViewController.h */,
				B14D8FB621B7F90E00B8D740 /* MGCDayColumnCell.h */,
				B14D8FB721B7F90E00B8D740 /* MGCDayPlannerViewController.h */,
				B14D8FB821B7F90F00B8D740 /* MGCInteractiveEventView.h */,
				B14D8FB921B7F90F00B8D740 /* MGCDayPlannerEKViewController.h */,
				B14D8FBA21B7F90F00B8D740 /* NSCalendar+MGCAdditions.m */,
				B14D8FBB21B7F90F00B8D740 /* MGCEventsRowView.m */,
				B14D8FBC21B7F90F00B8D740 /* MGCEventKitSupport.m */,
				B14D8FBD21B7F90F00B8D740 /* MGCMonthPlannerViewDayCell.h */,
				B14D8FBE21B7F90F00B8D740 /* MGCYearCalendarMonthCell.m */,
				B14D8FBF21B7F90F00B8D740 /* MGCEventCell.h */,
				B14D8FC021B7F90F00B8D740 /* MGCCalendarHeaderView.h */,
				B14D8FC121B7F90F00B8D740 /* MGCYearCalendarMonthHeaderView.m */,
				B14D8FC221B7F90F00B8D740 /* MGCCalendarHeaderCell.h */,
				B14D8FC321B7F90F00B8D740 /* MGCEventView.h */,
				B14D8FC421B7F90F00B8D740 /* MGCAlignedGeometry.m */,
				B14D8FC521B7F90F00B8D740 /* MGCTimeRowsView.h */,
				B14D8FC621B7F90F00B8D740 /* MGCEventCellLayoutAttributes.m */,
				B14D8FC721B7F90F00B8D740 /* MGCAllDayEventsViewLayout.m */,
				B14D8FC821B7F90F00B8D740 /* MGCReusableObjectQueue.m */,
				B14D8FCA21B7F90F00B8D740 /* MGCMonthPlannerView.h */,
				B14D8FCB21B7F90F00B8D740 /* MGCTimedEventsViewLayout.m */,
				B14D8FCC21B7F90F00B8D740 /* MGCStandardEventView.m */,
				B14D8FCD21B7F90F00B8D740 /* MGCMonthPlannerEKViewController.m */,
				B14D8FCE21B7F90F00B8D740 /* MGCMonthMiniCalendarView.m */,
				B14D8FCF21B7F90F00B8D740 /* MGCDateRange.m */,
				B14D8FD021B7F90F00B8D740 /* MGCMonthPlannerWeekView.h */,
				B14D8FD121B7F90F00B8D740 /* MGCMonthPlannerBackgroundView.h */,
				B14D8FD221B7F90F00B8D740 /* MGCDayPlannerView.h */,
				B14D8FD321B7F90F00B8D740 /* MGCYearCalendarView.h */,
				B14D8FD421B7F90F00B8D740 /* MGCInteractiveEventView.m */,
				B14D8FD521B7F90F00B8D740 /* MGCDayPlannerViewController.m */,
				B14D8FD621B7F90F00B8D740 /* MGCDayColumnCell.m */,
				B14D8FD721B7F90F00B8D740 /* MGCMonthPlannerViewController.m */,
				B14D8FD821B7F90F00B8D740 /* NSAttributedString+MGCAdditions.h */,
				B14D8FD921B7F90F00B8D740 /* MGCMonthPlannerHeaderView.m */,
				B14D8FDA21B7F90F00B8D740 /* MGCMonthPlannerViewLayout.m */,
			);
			path = CalendarLib;
			sourceTree = "<group>";
		};
		B16A94912148BCF60001F3B1 /* LTSCalendar */ = {
			isa = PBXGroup;
			children = (
				EFD81AED214BF9C200C67EC3 /* ContentViewCell.h */,
				EFD81AEE214BF9C300C67EC3 /* ContentViewCell.m */,
				B16A94932148BCF60001F3B1 /* LTSCalendarCollectionCell.h */,
				B16A949C2148BCF60001F3B1 /* LTSCalendarCollectionCell.m */,
				B16A94952148BCF60001F3B1 /* LTSCalendarScrollView.h */,
				B16A94A02148BCF60001F3B1 /* LTSCalendarScrollView.m */,
				B16A94992148BCF60001F3B1 /* LTSCalendarCollectionViewFlowLayout.h */,
				B16A94A32148BCF60001F3B1 /* LTSCalendarCollectionViewFlowLayout.m */,
				B16A949D2148BCF60001F3B1 /* LTSCalendarDayItem.h */,
				B16A94922148BCF60001F3B1 /* LTSCalendarDayItem.m */,
				B16A949E2148BCF60001F3B1 /* LTSCalendarAppearance.h */,
				B16A94972148BCF60001F3B1 /* LTSCalendarAppearance.m */,
				B16A949F2148BCF60001F3B1 /* LTSCircleView.h */,
				B16A94962148BCF60001F3B1 /* LTSCircleView.m */,
				B16A94A12148BCF60001F3B1 /* LTSCalendarManager.h */,
				B16A94942148BCF60001F3B1 /* LTSCalendarManager.m */,
				B16A94A22148BCF60001F3B1 /* LTSCalendarContentView.h */,
				B16A949A2148BCF60001F3B1 /* LTSCalendarContentView.m */,
				B174D58A215CAED80055820A /* CalendarDaysClass.h */,
				B174D58B215CAED80055820A /* CalendarDaysClass.m */,
				B16A94982148BCF60001F3B1 /* LTSCalendarWeekDayView.h */,
				B16A94A42148BCF60001F3B1 /* LTSCalendarWeekDayView.m */,
				B16A94A52148BCF60001F3B1 /* LTSCalendarViewController.h */,
				B16A949B2148BCF60001F3B1 /* LTSCalendarViewController.m */,
				B16A94A62148BCF60001F3B1 /* LTSCalendarEventSource.h */,
			);
			path = LTSCalendar;
			sourceTree = "<group>";
		};
		B174D591215DD7C50055820A /* TopAlert */ = {
			isa = PBXGroup;
			children = (
				B174D5BF215F532D0055820A /* bannertips_message@2x.png */,
				B174D5BD215F532D0055820A /* bannertips_success_blue@2x.png */,
				B174D5BE215F532D0055820A /* bannertips_warning@2x.png */,
				B174D598215DD7F00055820A /* UIColor+Tools.h */,
				B174D599215DD7F00055820A /* UIColor+Tools.m */,
				B174D592215DD7C50055820A /* JohnTopAlert.m */,
				B174D593215DD7C50055820A /* JohnAlertManager.m */,
				B174D594215DD7C50055820A /* JohnAlertManager.h */,
				B174D595215DD7C50055820A /* JohnTopAlert.h */,
			);
			path = TopAlert;
			sourceTree = "<group>";
		};
		B174D5B2215E1D010055820A /* Aspects */ = {
			isa = PBXGroup;
			children = (
				B174D5B3215E1D010055820A /* Aspects.h */,
				B174D5B4215E1D010055820A /* Aspects.m */,
			);
			path = Aspects;
			sourceTree = "<group>";
		};
		B19E5254219E65AF006BBC3C /* iconfont */ = {
			isa = PBXGroup;
			children = (
				B19E5262219E6A7B006BBC3C /* TBCityIconFont.h */,
				B19E525F219E6A7B006BBC3C /* TBCityIconFont.m */,
				B19E5260219E6A7B006BBC3C /* TBCityIconInfo.h */,
				B19E5261219E6A7B006BBC3C /* TBCityIconInfo.m */,
				B19E5263219E6A7B006BBC3C /* UIImage+TBCityIconFont.h */,
				B19E5264219E6A7B006BBC3C /* UIImage+TBCityIconFont.m */,
			);
			path = iconfont;
			sourceTree = "<group>";
		};
		B1D2703221A79A0600FD7FA0 /* New */ = {
			isa = PBXGroup;
			children = (
				B14D8F9321B7F90E00B8D740 /* CalendarLib */,
				B14D8F8E21B7F88100B8D740 /* MainViewController.h */,
				B14D8F8D21B7F88100B8D740 /* MainViewController.m */,
				B14D8F8A21B7F7EA00B8D740 /* MonthViewController.h */,
				B14D8F8B21B7F7EA00B8D740 /* MonthViewController.m */,
				B14D8F9021B7F8D400B8D740 /* MonthSettingsViewController.h */,
				B14D8F9121B7F8D400B8D740 /* MonthSettingsViewController.m */,
			);
			path = New;
			sourceTree = "<group>";
		};
		EF7CDC1C21A065FD0096162E /* Gradient */ = {
			isa = PBXGroup;
			children = (
				EF7CDC1D21A065FD0096162E /* UIButton+Gradient.h */,
				EF7CDC1F21A065FD0096162E /* UIButton+Gradient.m */,
				EF7CDC1E21A065FD0096162E /* UIImage+Gradient.h */,
				EF7CDC2021A065FD0096162E /* UIImage+Gradient.m */,
				EF7CDC2321A06A310096162E /* UIView+Gradient.h */,
				EF7CDC2421A06A310096162E /* UIView+Gradient.m */,
			);
			path = Gradient;
			sourceTree = "<group>";
		};
		EFD52A8B2158E67500B727D0 /* Tools */ = {
			isa = PBXGroup;
			children = (
				EF7CDC1C21A065FD0096162E /* Gradient */,
				B19E5254219E65AF006BBC3C /* iconfont */,
				B174D5B2215E1D010055820A /* Aspects */,
				B174D591215DD7C50055820A /* TopAlert */,
				B174D55D2159D5EB0055820A /* NSString+MD5.h */,
				B174D55E2159D5EC0055820A /* NSString+MD5.m */,
				B179F4D32150DBCB009D70A5 /* MBProgressHUD+MJ.h */,
				B179F4D42150DBCB009D70A5 /* MBProgressHUD+MJ.m */,
				B129128F2150D3A90039B06D /* NSArray+HJImages.h */,
				B12912922150D3AA0039B06D /* NSArray+HJImages.m */,
				EFD81AE6214417AA00C67EC3 /* UIColor+util.h */,
				EFD81AE7214417AA00C67EC3 /* UIColor+util.m */,
				B174D5A6215E080D0055820A /* ZHPickView.h */,
				B174D5A7215E080D0055820A /* ZHPickView.m */,
				B174D5AD215E1BA50055820A /* UITableView+ZYXIndexTip.h */,
				B174D5AC215E1BA50055820A /* UITableView+ZYXIndexTip.m */,
				B174D5B6215F0FF00055820A /* YKTool.h */,
				B174D5B7215F0FF00055820A /* YKTool.m */,
			);
			path = Tools;
			sourceTree = "<group>";
		};
		EFD52A8C2158E6C700B727D0 /* Students */ = {
			isa = PBXGroup;
			children = (
				EFD81AE22144016300C67EC3 /* StudentsViewController.h */,
				EFD81AE32144016300C67EC3 /* StudentsViewController.m */,
				B19D027E2151F5AE0058BFF9 /* AddStudentVC.h */,
				B19D027F2151F5AE0058BFF9 /* AddStudentVC.m */,
			);
			name = Students;
			sourceTree = "<group>";
		};
		EFD52A8F2158EEDD00B727D0 /* Login */ = {
			isa = PBXGroup;
			children = (
				B12912902150D3A90039B06D /* HJLoginExample03_VC.h */,
				B129128D2150D3A90039B06D /* HJLoginExample03_VC.m */,
				B12912912150D3AA0039B06D /* login_bg01.jpg */,
			);
			path = Login;
			sourceTree = "<group>";
		};
		EFD81A1C2142D08600C67EC3 = {
			isa = PBXGroup;
			children = (
				EFD81A272142D08600C67EC3 /* Yueke */,
				EFD81A262142D08600C67EC3 /* Products */,
				FE879D39F53958BB4358EB21 /* Pods */,
				79BA659B85EAC6F1C46FC4C2 /* Frameworks */,
			);
			sourceTree = "<group>";
		};
		EFD81A262142D08600C67EC3 /* Products */ = {
			isa = PBXGroup;
			children = (
				EFD81A252142D08600C67EC3 /* Yueke.app */,
			);
			name = Products;
			sourceTree = "<group>";
		};
		EFD81A272142D08600C67EC3 /* Yueke */ = {
			isa = PBXGroup;
			children = (
				EFD52A8B2158E67500B727D0 /* Tools */,
				B16A94912148BCF60001F3B1 /* LTSCalendar */,
				EFD81AE52144047700C67EC3 /* BaseController */,
				EFD81AE92144F3A600C67EC3 /* YuekeVC */,
				EFD52A8C2158E6C700B727D0 /* Students */,
				EFD52A8F2158EEDD00B727D0 /* Login */,
				EFD81AA7214379A300C67EC3 /* supporting files */,
				EFD81A312142D08600C67EC3 /* Yueke.xcdatamodeld */,
			);
			path = Yueke;
			sourceTree = "<group>";
		};
		EFD81AA7214379A300C67EC3 /* supporting files */ = {
			isa = PBXGroup;
			children = (
				B19E5258219E65AF006BBC3C /* iconfont.ttf */,
				EFD81A282142D08600C67EC3 /* AppDelegate.h */,
				EFD81A292142D08600C67EC3 /* AppDelegate.m */,
				EFD81A2E2142D08600C67EC3 /* Main.storyboard */,
				EFD81A342142D08600C67EC3 /* Assets.xcassets */,
				EFD81A362142D08600C67EC3 /* LaunchScreen.storyboard */,
				EFD81A392142D08600C67EC3 /* Info.plist */,
				EFD81A3A2142D08600C67EC3 /* main.m */,
				EFD81AA8214379D000C67EC3 /* Yueke.pch */,
			);
			path = "supporting files";
			sourceTree = "<group>";
		};
		EFD81AE52144047700C67EC3 /* BaseController */ = {
			isa = PBXGroup;
			children = (
				B12912932150D3AA0039B06D /* HJBaseLogin_VC.h */,
				B129128E2150D3A90039B06D /* HJBaseLogin_VC.m */,
				B179F4D02150DB18009D70A5 /* BasicNetWorking.h */,
				B179F4D12150DB18009D70A5 /* BasicNetWorking.m */,
				EFD81ADC214400A100C67EC3 /* BaseTabbarController.h */,
				EFD81ADD214400A100C67EC3 /* BaseTabbarController.m */,
				EFD81ADF2144011A00C67EC3 /* BaseNavigationController.h */,
				EFD81AE02144011A00C67EC3 /* BaseNavigationController.m */,
			);
			path = BaseController;
			sourceTree = "<group>";
		};
		EFD81AE92144F3A600C67EC3 /* YuekeVC */ = {
			isa = PBXGroup;
			children = (
				EFD81A2B2142D08600C67EC3 /* ViewController.h */,
				EFD81A2C2142D08600C67EC3 /* ViewController.m */,
				B19E5246219D6433006BBC3C /* LeftViewController.h */,
				B19E5247219D6433006BBC3C /* LeftViewController.m */,
				B168FC7C214A669B006C65FD /* EventModel.h */,
				B168FC7D214A669B006C65FD /* EventModel.m */,
				B174D59E215DFAC90055820A /* AddEventViewController.h */,
				B174D59F215DFAC90055820A /* AddEventViewController.m */,
				B174D5AF215E1C100055820A /* SelStudentsViewController.h */,
				B174D5B0215E1C100055820A /* SelStudentsViewController.m */,
				B1D2703221A79A0600FD7FA0 /* New */,
			);
			path = YuekeVC;
			sourceTree = "<group>";
		};
		FE879D39F53958BB4358EB21 /* Pods */ = {
			isa = PBXGroup;
			children = (
				474B0ED40A4D838B7FCA94A6 /* Pods-Yueke.debug.xcconfig */,
				0C2761A3C2B8DA645B20DE9F /* Pods-Yueke.release.xcconfig */,
			);
			name = Pods;
			sourceTree = "<group>";
		};
/* End PBXGroup section */

/* Begin PBXNativeTarget section */
		EFD81A242142D08600C67EC3 /* Yueke */ = {
			isa = PBXNativeTarget;
			buildConfigurationList = EFD81A3E2142D08600C67EC3 /* Build configuration list for PBXNativeTarget "Yueke" */;
			buildPhases = (
				D29DF3D14D1C51036E249A8A /* [CP] Check Pods Manifest.lock */,
				EFD81A212142D08600C67EC3 /* Sources */,
				EFD81A222142D08600C67EC3 /* Frameworks */,
				EFD81A232142D08600C67EC3 /* Resources */,
				4CA78E2428D9533A647533AD /* [CP] Embed Pods Frameworks */,
			);
			buildRules = (
			);
			dependencies = (
			);
			name = Yueke;
			productName = Yueke;
			productReference = EFD81A252142D08600C67EC3 /* Yueke.app */;
			productType = "com.apple.product-type.application";
		};
/* End PBXNativeTarget section */

/* Begin PBXProject section */
		EFD81A1D2142D08600C67EC3 /* Project object */ = {
			isa = PBXProject;
			attributes = {
				LastUpgradeCheck = 0940;
				ORGANIZATIONNAME = luoxuguang;
				TargetAttributes = {
					EFD81A242142D08600C67EC3 = {
						CreatedOnToolsVersion = 9.4.1;
					};
				};
			};
			buildConfigurationList = EFD81A202142D08600C67EC3 /* Build configuration list for PBXProject "Yueke" */;
			compatibilityVersion = "Xcode 9.0";
			developmentRegion = en;
			hasScannedForEncodings = 0;
			knownRegions = (
				en,
				Base,
				fr,
			);
			mainGroup = EFD81A1C2142D08600C67EC3;
			productRefGroup = EFD81A262142D08600C67EC3 /* Products */;
			projectDirPath = "";
			projectRoot = "";
			targets = (
				EFD81A242142D08600C67EC3 /* Yueke */,
			);
		};
/* End PBXProject section */

/* Begin PBXResourcesBuildPhase section */
		EFD81A232142D08600C67EC3 /* Resources */ = {
			isa = PBXResourcesBuildPhase;
			buildActionMask = 2147483647;
			files = (
				B1313C9C219EAEBF004F63A3 /* iconfont.ttf in Resources */,
				EFD81A382142D08600C67EC3 /* LaunchScreen.storyboard in Resources */,
				B174D5C2215F532E0055820A /* bannertips_message@2x.png in Resources */,
				B174D5C1215F532E0055820A /* bannertips_warning@2x.png in Resources */,
				EFD81A352142D08600C67EC3 /* Assets.xcassets in Resources */,
				B14D8FDF21B7F90F00B8D740 /* Localizable.strings in Resources */,
				EFD81A302142D08600C67EC3 /* Main.storyboard in Resources */,
				B14D8FDB21B7F90F00B8D740 /* MGCCalendarHeaderCell.xib in Resources */,
				B12912962150D3AA0039B06D /* login_bg01.jpg in Resources */,
				B174D5C0215F532E0055820A /* bannertips_success_blue@2x.png in Resources */,
			);
			runOnlyForDeploymentPostprocessing = 0;
		};
/* End PBXResourcesBuildPhase section */

/* Begin PBXShellScriptBuildPhase section */
		4CA78E2428D9533A647533AD /* [CP] Embed Pods Frameworks */ = {
			isa = PBXShellScriptBuildPhase;
			buildActionMask = 2147483647;
			files = (
			);
			inputFileListPaths = (
			);
			inputPaths = (
				"${PODS_ROOT}/Target Support Files/Pods-Yueke/Pods-Yueke-frameworks.sh",
				"${BUILT_PRODUCTS_DIR}/AFNetworking/AFNetworking.framework",
				"${BUILT_PRODUCTS_DIR}/CWLateralSlide/CWLateralSlide.framework",
				"${BUILT_PRODUCTS_DIR}/CalendarLib/CalendarLib.framework",
				"${BUILT_PRODUCTS_DIR}/IQKeyboardManager/IQKeyboardManager.framework",
				"${BUILT_PRODUCTS_DIR}/MBProgressHUD/MBProgressHUD.framework",
				"${BUILT_PRODUCTS_DIR}/MJRefresh/MJRefresh.framework",
				"${BUILT_PRODUCTS_DIR}/Masonry/Masonry.framework",
				"${BUILT_PRODUCTS_DIR}/OSCache/OSCache.framework",
				"${BUILT_PRODUCTS_DIR}/OrderedDictionary/OrderedDictionary.framework",
				"${BUILT_PRODUCTS_DIR}/Popover.OC/Popover_OC.framework",
				"${BUILT_PRODUCTS_DIR}/SAMKeychain/SAMKeychain.framework",
				"${BUILT_PRODUCTS_DIR}/SDWebImage/SDWebImage.framework",
			);
			name = "[CP] Embed Pods Frameworks";
			outputFileListPaths = (
			);
			outputPaths = (
				"${TARGET_BUILD_DIR}/${FRAMEWORKS_FOLDER_PATH}/AFNetworking.framework",
				"${TARGET_BUILD_DIR}/${FRAMEWORKS_FOLDER_PATH}/CWLateralSlide.framework",
				"${TARGET_BUILD_DIR}/${FRAMEWORKS_FOLDER_PATH}/CalendarLib.framework",
				"${TARGET_BUILD_DIR}/${FRAMEWORKS_FOLDER_PATH}/IQKeyboardManager.framework",
				"${TARGET_BUILD_DIR}/${FRAMEWORKS_FOLDER_PATH}/MBProgressHUD.framework",
				"${TARGET_BUILD_DIR}/${FRAMEWORKS_FOLDER_PATH}/MJRefresh.framework",
				"${TARGET_BUILD_DIR}/${FRAMEWORKS_FOLDER_PATH}/Masonry.framework",
				"${TARGET_BUILD_DIR}/${FRAMEWORKS_FOLDER_PATH}/OSCache.framework",
				"${TARGET_BUILD_DIR}/${FRAMEWORKS_FOLDER_PATH}/OrderedDictionary.framework",
				"${TARGET_BUILD_DIR}/${FRAMEWORKS_FOLDER_PATH}/Popover_OC.framework",
				"${TARGET_BUILD_DIR}/${FRAMEWORKS_FOLDER_PATH}/SAMKeychain.framework",
				"${TARGET_BUILD_DIR}/${FRAMEWORKS_FOLDER_PATH}/SDWebImage.framework",
			);
			runOnlyForDeploymentPostprocessing = 0;
			shellPath = /bin/sh;
			shellScript = "\"${PODS_ROOT}/Target Support Files/Pods-Yueke/Pods-Yueke-frameworks.sh\"\n";
			showEnvVarsInLog = 0;
		};
		D29DF3D14D1C51036E249A8A /* [CP] Check Pods Manifest.lock */ = {
			isa = PBXShellScriptBuildPhase;
			buildActionMask = 2147483647;
			files = (
			);
			inputPaths = (
				"${PODS_PODFILE_DIR_PATH}/Podfile.lock",
				"${PODS_ROOT}/Manifest.lock",
			);
			name = "[CP] Check Pods Manifest.lock";
			outputPaths = (
				"$(DERIVED_FILE_DIR)/Pods-Yueke-checkManifestLockResult.txt",
			);
			runOnlyForDeploymentPostprocessing = 0;
			shellPath = /bin/sh;
			shellScript = "diff \"${PODS_PODFILE_DIR_PATH}/Podfile.lock\" \"${PODS_ROOT}/Manifest.lock\" > /dev/null\nif [ $? != 0 ] ; then\n    # print error to STDERR\n    echo \"error: The sandbox is not in sync with the Podfile.lock. Run 'pod install' or update your CocoaPods installation.\" >&2\n    exit 1\nfi\n# This output is used by Xcode 'outputs' to avoid re-running this script phase.\necho \"SUCCESS\" > \"${SCRIPT_OUTPUT_FILE_0}\"\n";
			showEnvVarsInLog = 0;
		};
/* End PBXShellScriptBuildPhase section */

/* Begin PBXSourcesBuildPhase section */
		EFD81A212142D08600C67EC3 /* Sources */ = {
			isa = PBXSourcesBuildPhase;
			buildActionMask = 2147483647;
			files = (
				B14D8FF921B7F90F00B8D740 /* MGCDayPlannerViewController.m in Sources */,
				EFD81A332142D08600C67EC3 /* Yueke.xcdatamodeld in Sources */,
				B174D59A215DD7F00055820A /* UIColor+Tools.m in Sources */,
				B16A94A82148BCF60001F3B1 /* LTSCalendarManager.m in Sources */,
				B14D8FDE21B7F90F00B8D740 /* MGCMonthPlannerViewDayCell.m in Sources */,
				B14D8FFC21B7F90F00B8D740 /* MGCMonthPlannerHeaderView.m in Sources */,
				EF7CDC2121A065FD0096162E /* UIButton+Gradient.m in Sources */,
				B19D02802151F5AE0058BFF9 /* AddStudentVC.m in Sources */,
				B168FC7E214A669B006C65FD /* EventModel.m in Sources */,
				B14D8FE921B7F90F00B8D740 /* NSAttributedString+MGCAdditions.m in Sources */,
				EF7CDC2521A06A310096162E /* UIView+Gradient.m in Sources */,
				B14D8FE221B7F90F00B8D740 /* MGCEventView.m in Sources */,
				B14D8FF021B7F90F00B8D740 /* MGCEventCellLayoutAttributes.m in Sources */,
				B12912942150D3AA0039B06D /* HJLoginExample03_VC.m in Sources */,
				B14D8FE321B7F90F00B8D740 /* MGCCalendarHeaderCell.m in Sources */,
				EFD81AE42144016300C67EC3 /* StudentsViewController.m in Sources */,
				B174D55F2159D5EC0055820A /* NSString+MD5.m in Sources */,
				B14D8FEF21B7F90F00B8D740 /* MGCAlignedGeometry.m in Sources */,
				B14D8FF221B7F90F00B8D740 /* MGCReusableObjectQueue.m in Sources */,
				B16A94AC2148BCF60001F3B1 /* LTSCalendarViewController.m in Sources */,
				B14D8FE821B7F90F00B8D740 /* MGCMonthPlannerView.m in Sources */,
				B14D8F8F21B7F88100B8D740 /* MainViewController.m in Sources */,
				B179F4D52150DBCB009D70A5 /* MBProgressHUD+MJ.m in Sources */,
				B174D597215DD7C50055820A /* JohnAlertManager.m in Sources */,
				B174D5B5215E1D010055820A /* Aspects.m in Sources */,
				EFD81AEF214BF9C300C67EC3 /* ContentViewCell.m in Sources */,
				B14D8FEE21B7F90F00B8D740 /* MGCYearCalendarMonthHeaderView.m in Sources */,
				B16A94A72148BCF60001F3B1 /* LTSCalendarDayItem.m in Sources */,
				B16A94AB2148BCF60001F3B1 /* LTSCalendarContentView.m in Sources */,
				B16A94B02148BCF60001F3B1 /* LTSCalendarWeekDayView.m in Sources */,
				EFD81A2D2142D08600C67EC3 /* ViewController.m in Sources */,
				B19E5265219E6A7B006BBC3C /* TBCityIconFont.m in Sources */,
				B16A94AD2148BCF60001F3B1 /* LTSCalendarCollectionCell.m in Sources */,
				B174D596215DD7C50055820A /* JohnTopAlert.m in Sources */,
				B14D8FE121B7F90F00B8D740 /* MGCTimeRowsView.m in Sources */,
				B174D5B1215E1C100055820A /* SelStudentsViewController.m in Sources */,
				B174D5B8215F0FF00055820A /* YKTool.m in Sources */,
				B16A94AF2148BCF60001F3B1 /* LTSCalendarCollectionViewFlowLayout.m in Sources */,
				B14D8FEB21B7F90F00B8D740 /* MGCEventsRowView.m in Sources */,
				B12912952150D3AA0039B06D /* HJBaseLogin_VC.m in Sources */,
				B19E5266219E6A7B006BBC3C /* TBCityIconInfo.m in Sources */,
				B179F4D22150DB18009D70A5 /* BasicNetWorking.m in Sources */,
				B14D8FEA21B7F90F00B8D740 /* NSCalendar+MGCAdditions.m in Sources */,
				EFD81ADE214400A100C67EC3 /* BaseTabbarController.m in Sources */,
				EFD81AE12144011A00C67EC3 /* BaseNavigationController.m in Sources */,
				B14D8FF121B7F90F00B8D740 /* MGCAllDayEventsViewLayout.m in Sources */,
				B16A94A92148BCF60001F3B1 /* LTSCircleView.m in Sources */,
				B14D8FE721B7F90F00B8D740 /* MGCMonthPlannerWeekView.m in Sources */,
				B14D8F9221B7F8D500B8D740 /* MonthSettingsViewController.m in Sources */,
				B14D8FF421B7F90F00B8D740 /* MGCStandardEventView.m in Sources */,
				B14D8FF521B7F90F00B8D740 /* MGCMonthPlannerEKViewController.m in Sources */,
				B19E5248219D6433006BBC3C /* LeftViewController.m in Sources */,
				B14D8FE521B7F90F00B8D740 /* MGCDayPlannerView.m in Sources */,
				B14D8FF621B7F90F00B8D740 /* MGCMonthMiniCalendarView.m in Sources */,
				EFD81AE8214417AA00C67EC3 /* UIColor+util.m in Sources */,
				EFD81A3B2142D08600C67EC3 /* main.m in Sources */,
				B14D8FE421B7F90F00B8D740 /* MGCYearCalendarView.m in Sources */,
				B12912972150D3AA0039B06D /* NSArray+HJImages.m in Sources */,
				B14D8FF821B7F90F00B8D740 /* MGCInteractiveEventView.m in Sources */,
				B14D8FF321B7F90F00B8D740 /* MGCTimedEventsViewLayout.m in Sources */,
				EF7CDC2221A065FD0096162E /* UIImage+Gradient.m in Sources */,
				B16A94AA2148BCF60001F3B1 /* LTSCalendarAppearance.m in Sources */,
				B14D8FE021B7F90F00B8D740 /* MGCDayPlannerEKViewController.m in Sources */,
				B14D8FDC21B7F90F00B8D740 /* MGCCalendarHeaderView.m in Sources */,
				B14D8FFA21B7F90F00B8D740 /* MGCDayColumnCell.m in Sources */,
				EFD81A2A2142D08600C67EC3 /* AppDelegate.m in Sources */,
				B14D8F8C21B7F7EA00B8D740 /* MonthViewController.m in Sources */,
				B174D5A0215DFAC90055820A /* AddEventViewController.m in Sources */,
				B14D8FE621B7F90F00B8D740 /* MGCMonthPlannerBackgroundView.m in Sources */,
				B14D8FF721B7F90F00B8D740 /* MGCDateRange.m in Sources */,
				B16A94AE2148BCF60001F3B1 /* LTSCalendarScrollView.m in Sources */,
				B174D58C215CAED80055820A /* CalendarDaysClass.m in Sources */,
				B14D8FDD21B7F90F00B8D740 /* MGCEventCell.m in Sources */,
				B14D8FFB21B7F90F00B8D740 /* MGCMonthPlannerViewController.m in Sources */,
				B174D5AE215E1BA50055820A /* UITableView+ZYXIndexTip.m in Sources */,
				B19E5267219E6A7B006BBC3C /* UIImage+TBCityIconFont.m in Sources */,
				B14D8FFD21B7F90F00B8D740 /* MGCMonthPlannerViewLayout.m in Sources */,
				B14D8FED21B7F90F00B8D740 /* MGCYearCalendarMonthCell.m in Sources */,
				B14D8FEC21B7F90F00B8D740 /* MGCEventKitSupport.m in Sources */,
				B174D5A8215E080D0055820A /* ZHPickView.m in Sources */,
			);
			runOnlyForDeploymentPostprocessing = 0;
		};
/* End PBXSourcesBuildPhase section */

/* Begin PBXVariantGroup section */
		B14D8F9C21B7F90E00B8D740 /* Localizable.strings */ = {
			isa = PBXVariantGroup;
			children = (
				B14D8F9D21B7F90E00B8D740 /* en */,
				B14D8FC921B7F90F00B8D740 /* fr */,
			);
			name = Localizable.strings;
			sourceTree = "<group>";
		};
		EFD81A2E2142D08600C67EC3 /* Main.storyboard */ = {
			isa = PBXVariantGroup;
			children = (
				EFD81A2F2142D08600C67EC3 /* Base */,
			);
			name = Main.storyboard;
			sourceTree = "<group>";
		};
		EFD81A362142D08600C67EC3 /* LaunchScreen.storyboard */ = {
			isa = PBXVariantGroup;
			children = (
				EFD81A372142D08600C67EC3 /* Base */,
			);
			name = LaunchScreen.storyboard;
			sourceTree = "<group>";
		};
/* End PBXVariantGroup section */

/* Begin XCBuildConfiguration section */
		EFD81A3C2142D08600C67EC3 /* Debug */ = {
			isa = XCBuildConfiguration;
			buildSettings = {
				ALWAYS_SEARCH_USER_PATHS = NO;
				CLANG_ANALYZER_NONNULL = YES;
				CLANG_ANALYZER_NUMBER_OBJECT_CONVERSION = YES_AGGRESSIVE;
				CLANG_CXX_LANGUAGE_STANDARD = "gnu++14";
				CLANG_CXX_LIBRARY = "libc++";
				CLANG_ENABLE_MODULES = YES;
				CLANG_ENABLE_OBJC_ARC = YES;
				CLANG_ENABLE_OBJC_WEAK = YES;
				CLANG_WARN_BLOCK_CAPTURE_AUTORELEASING = YES;
				CLANG_WARN_BOOL_CONVERSION = YES;
				CLANG_WARN_COMMA = YES;
				CLANG_WARN_CONSTANT_CONVERSION = YES;
				CLANG_WARN_DEPRECATED_OBJC_IMPLEMENTATIONS = YES;
				CLANG_WARN_DIRECT_OBJC_ISA_USAGE = YES_ERROR;
				CLANG_WARN_DOCUMENTATION_COMMENTS = YES;
				CLANG_WARN_EMPTY_BODY = YES;
				CLANG_WARN_ENUM_CONVERSION = YES;
				CLANG_WARN_INFINITE_RECURSION = YES;
				CLANG_WARN_INT_CONVERSION = YES;
				CLANG_WARN_NON_LITERAL_NULL_CONVERSION = YES;
				CLANG_WARN_OBJC_IMPLICIT_RETAIN_SELF = YES;
				CLANG_WARN_OBJC_LITERAL_CONVERSION = YES;
				CLANG_WARN_OBJC_ROOT_CLASS = YES_ERROR;
				CLANG_WARN_RANGE_LOOP_ANALYSIS = YES;
				CLANG_WARN_STRICT_PROTOTYPES = YES;
				CLANG_WARN_SUSPICIOUS_MOVE = YES;
				CLANG_WARN_UNGUARDED_AVAILABILITY = YES_AGGRESSIVE;
				CLANG_WARN_UNREACHABLE_CODE = YES;
				CLANG_WARN__DUPLICATE_METHOD_MATCH = YES;
				CODE_SIGN_IDENTITY = "iPhone Developer";
				COPY_PHASE_STRIP = NO;
				DEBUG_INFORMATION_FORMAT = dwarf;
				ENABLE_STRICT_OBJC_MSGSEND = YES;
				ENABLE_TESTABILITY = YES;
				GCC_C_LANGUAGE_STANDARD = gnu11;
				GCC_DYNAMIC_NO_PIC = NO;
				GCC_NO_COMMON_BLOCKS = YES;
				GCC_OPTIMIZATION_LEVEL = 0;
				GCC_PREPROCESSOR_DEFINITIONS = (
					"DEBUG=1",
					"$(inherited)",
				);
				GCC_WARN_64_TO_32_BIT_CONVERSION = YES;
				GCC_WARN_ABOUT_RETURN_TYPE = YES_ERROR;
				GCC_WARN_UNDECLARED_SELECTOR = YES;
				GCC_WARN_UNINITIALIZED_AUTOS = YES_AGGRESSIVE;
				GCC_WARN_UNUSED_FUNCTION = YES;
				GCC_WARN_UNUSED_VARIABLE = YES;
				IPHONEOS_DEPLOYMENT_TARGET = 8.0;
				MTL_ENABLE_DEBUG_INFO = YES;
				ONLY_ACTIVE_ARCH = YES;
				SDKROOT = iphoneos;
			};
			name = Debug;
		};
		EFD81A3D2142D08600C67EC3 /* Release */ = {
			isa = XCBuildConfiguration;
			buildSettings = {
				ALWAYS_SEARCH_USER_PATHS = NO;
				CLANG_ANALYZER_NONNULL = YES;
				CLANG_ANALYZER_NUMBER_OBJECT_CONVERSION = YES_AGGRESSIVE;
				CLANG_CXX_LANGUAGE_STANDARD = "gnu++14";
				CLANG_CXX_LIBRARY = "libc++";
				CLANG_ENABLE_MODULES = YES;
				CLANG_ENABLE_OBJC_ARC = YES;
				CLANG_ENABLE_OBJC_WEAK = YES;
				CLANG_WARN_BLOCK_CAPTURE_AUTORELEASING = YES;
				CLANG_WARN_BOOL_CONVERSION = YES;
				CLANG_WARN_COMMA = YES;
				CLANG_WARN_CONSTANT_CONVERSION = YES;
				CLANG_WARN_DEPRECATED_OBJC_IMPLEMENTATIONS = YES;
				CLANG_WARN_DIRECT_OBJC_ISA_USAGE = YES_ERROR;
				CLANG_WARN_DOCUMENTATION_COMMENTS = YES;
				CLANG_WARN_EMPTY_BODY = YES;
				CLANG_WARN_ENUM_CONVERSION = YES;
				CLANG_WARN_INFINITE_RECURSION = YES;
				CLANG_WARN_INT_CONVERSION = YES;
				CLANG_WARN_NON_LITERAL_NULL_CONVERSION = YES;
				CLANG_WARN_OBJC_IMPLICIT_RETAIN_SELF = YES;
				CLANG_WARN_OBJC_LITERAL_CONVERSION = YES;
				CLANG_WARN_OBJC_ROOT_CLASS = YES_ERROR;
				CLANG_WARN_RANGE_LOOP_ANALYSIS = YES;
				CLANG_WARN_STRICT_PROTOTYPES = YES;
				CLANG_WARN_SUSPICIOUS_MOVE = YES;
				CLANG_WARN_UNGUARDED_AVAILABILITY = YES_AGGRESSIVE;
				CLANG_WARN_UNREACHABLE_CODE = YES;
				CLANG_WARN__DUPLICATE_METHOD_MATCH = YES;
				CODE_SIGN_IDENTITY = "iPhone Developer";
				COPY_PHASE_STRIP = NO;
				DEBUG_INFORMATION_FORMAT = "dwarf-with-dsym";
				ENABLE_NS_ASSERTIONS = NO;
				ENABLE_STRICT_OBJC_MSGSEND = YES;
				GCC_C_LANGUAGE_STANDARD = gnu11;
				GCC_NO_COMMON_BLOCKS = YES;
				GCC_WARN_64_TO_32_BIT_CONVERSION = YES;
				GCC_WARN_ABOUT_RETURN_TYPE = YES_ERROR;
				GCC_WARN_UNDECLARED_SELECTOR = YES;
				GCC_WARN_UNINITIALIZED_AUTOS = YES_AGGRESSIVE;
				GCC_WARN_UNUSED_FUNCTION = YES;
				GCC_WARN_UNUSED_VARIABLE = YES;
				IPHONEOS_DEPLOYMENT_TARGET = 8.0;
				MTL_ENABLE_DEBUG_INFO = NO;
				SDKROOT = iphoneos;
				VALIDATE_PRODUCT = YES;
			};
			name = Release;
		};
		EFD81A3F2142D08600C67EC3 /* Debug */ = {
			isa = XCBuildConfiguration;
			baseConfigurationReference = 474B0ED40A4D838B7FCA94A6 /* Pods-Yueke.debug.xcconfig */;
			buildSettings = {
				ASSETCATALOG_COMPILER_APPICON_NAME = AppIcon;
				CODE_SIGN_IDENTITY = "iPhone Developer";
				CODE_SIGN_STYLE = Automatic;
				DEVELOPMENT_TEAM = WA76DQ67HR;
				GCC_PREFIX_HEADER = "Yueke/supporting files/Yueke.pch";
				INFOPLIST_FILE = "Yueke/supporting files/Info.plist";
				LD_RUNPATH_SEARCH_PATHS = "$(inherited) @executable_path/Frameworks";
				PRODUCT_BUNDLE_IDENTIFIER = com.xianglin.yueke;
				PRODUCT_NAME = "$(TARGET_NAME)";
				PROVISIONING_PROFILE = "";
				PROVISIONING_PROFILE_SPECIFIER = "";
				TARGETED_DEVICE_FAMILY = "1,2";
			};
			name = Debug;
		};
		EFD81A402142D08600C67EC3 /* Release */ = {
			isa = XCBuildConfiguration;
			baseConfigurationReference = 0C2761A3C2B8DA645B20DE9F /* Pods-Yueke.release.xcconfig */;
			buildSettings = {
				ASSETCATALOG_COMPILER_APPICON_NAME = AppIcon;
				CODE_SIGN_IDENTITY = "iPhone Developer";
				CODE_SIGN_STYLE = Automatic;
				DEVELOPMENT_TEAM = WA76DQ67HR;
				GCC_PREFIX_HEADER = "Yueke/supporting files/Yueke.pch";
				INFOPLIST_FILE = "Yueke/supporting files/Info.plist";
				LD_RUNPATH_SEARCH_PATHS = "$(inherited) @executable_path/Frameworks";
				PRODUCT_BUNDLE_IDENTIFIER = com.xianglin.yueke;
				PRODUCT_NAME = "$(TARGET_NAME)";
				PROVISIONING_PROFILE = "";
				PROVISIONING_PROFILE_SPECIFIER = "";
				TARGETED_DEVICE_FAMILY = "1,2";
			};
			name = Release;
		};
/* End XCBuildConfiguration section */

/* Begin XCConfigurationList section */
		EFD81A202142D08600C67EC3 /* Build configuration list for PBXProject "Yueke" */ = {
			isa = XCConfigurationList;
			buildConfigurations = (
				EFD81A3C2142D08600C67EC3 /* Debug */,
				EFD81A3D2142D08600C67EC3 /* Release */,
			);
			defaultConfigurationIsVisible = 0;
			defaultConfigurationName = Release;
		};
		EFD81A3E2142D08600C67EC3 /* Build configuration list for PBXNativeTarget "Yueke" */ = {
			isa = XCConfigurationList;
			buildConfigurations = (
				EFD81A3F2142D08600C67EC3 /* Debug */,
				EFD81A402142D08600C67EC3 /* Release */,
			);
			defaultConfigurationIsVisible = 0;
			defaultConfigurationName = Release;
		};
/* End XCConfigurationList section */

/* Begin XCVersionGroup section */
		EFD81A312142D08600C67EC3 /* Yueke.xcdatamodeld */ = {
			isa = XCVersionGroup;
			children = (
				EFD81A322142D08600C67EC3 /* Yueke.xcdatamodel */,
			);
			currentVersion = EFD81A322142D08600C67EC3 /* Yueke.xcdatamodel */;
			path = Yueke.xcdatamodeld;
			sourceTree = "<group>";
			versionGroupType = wrapper.xcdatamodel;
		};
/* End XCVersionGroup section */
	};
	rootObject = EFD81A1D2142D08600C67EC3 /* Project object */;
}
